PODS:
  - Alamofire (5.1.0)
  - Moya (14.0.0):
    - Moya/Core (= 14.0.0)
  - Moya/Core (14.0.0):
    - Alamofire (~> 5.0)
  - SwiftSoup (2.6.1)

DEPENDENCIES:
  - Alamofire (= 5.1)
  - Moya (~> 14.0)
  - SwiftSoup

SPEC REPOS:
  trunk:
    - Alamofire
    - Moya
    - SwiftSoup

SPEC CHECKSUMS:
  Alamofire: 9d5c5f602928e512395b30950c5984eca840093c
  Moya: 5b45dacb75adb009f97fde91c204c1e565d31916
  SwiftSoup: 5dd2c1b06afc964f30d99894af6ede22ede627aa

PODFILE CHECKSUM: b343bc41bf90376fb6745d747ccbb8854f736203

COCOAPODS: 1.12.1
