// !$*UTF8*$!
{
	archiveVersion = 1;
	classes = {
	};
	objectVersion = 56;
	objects = {

/* Begin PBXBuildFile section */
		7A393A4D2B08E7B400B1E994 /* MainInterface.storyboard in Resources */ = {isa = PBXBuildFile; fileRef = 7A393A4B2B08E7B400B1E994 /* MainInterface.storyboard */; };
		7A393A512B08E7B400B1E994 /* ShareExtension.appex in Embed Foundation Extensions */ = {isa = PBXBuildFile; fileRef = 7A393A472B08E7B400B1E994 /* ShareExtension.appex */; settings = {ATTRIBUTES = (RemoveHeadersOnCopy, ); }; };
		7A393A5A2B08F23500B1E994 /* FirstViewController.swift in Sources */ = {isa = PBXBuildFile; fileRef = 7A393A592B08F23500B1E994 /* FirstViewController.swift */; };
		7A67B4622B0A4A15009AE56C /* SettingsView.swift in Sources */ = {isa = PBXBuildFile; fileRef = 7A67B4612B0A4A15009AE56C /* SettingsView.swift */; };
		7A67B4692B0ADE61009AE56C /* TagCollectionViewCell.swift in Sources */ = {isa = PBXBuildFile; fileRef = 7A67B4672B0ADE61009AE56C /* TagCollectionViewCell.swift */; };
		7A67B46A2B0ADE61009AE56C /* TagCollectionViewCell.xib in Resources */ = {isa = PBXBuildFile; fileRef = 7A67B4682B0ADE61009AE56C /* TagCollectionViewCell.xib */; };
		7A7F87832AEF559C00F14B11 /* CuckooApp.swift in Sources */ = {isa = PBXBuildFile; fileRef = 7A7F87822AEF559C00F14B11 /* CuckooApp.swift */; };
		7A7F87852AEF559C00F14B11 /* ContentView.swift in Sources */ = {isa = PBXBuildFile; fileRef = 7A7F87842AEF559C00F14B11 /* ContentView.swift */; };
		7A7F87872AEF559D00F14B11 /* Assets.xcassets in Resources */ = {isa = PBXBuildFile; fileRef = 7A7F87862AEF559D00F14B11 /* Assets.xcassets */; };
		7A7F878A2AEF559D00F14B11 /* Preview Assets.xcassets in Resources */ = {isa = PBXBuildFile; fileRef = 7A7F87892AEF559D00F14B11 /* Preview Assets.xcassets */; };
		7A7F87942AEF559E00F14B11 /* CuckooTests.swift in Sources */ = {isa = PBXBuildFile; fileRef = 7A7F87932AEF559E00F14B11 /* CuckooTests.swift */; };
		7A7F879E2AEF559E00F14B11 /* CuckooUITests.swift in Sources */ = {isa = PBXBuildFile; fileRef = 7A7F879D2AEF559E00F14B11 /* CuckooUITests.swift */; };
		7A7F87A02AEF559E00F14B11 /* CuckooUITestsLaunchTests.swift in Sources */ = {isa = PBXBuildFile; fileRef = 7A7F879F2AEF559E00F14B11 /* CuckooUITestsLaunchTests.swift */; };
		A8BC238F2AFA013B00A2F87F /* MainContainerView.swift in Sources */ = {isa = PBXBuildFile; fileRef = A8BC238E2AFA013B00A2F87F /* MainContainerView.swift */; };
		A8BC23912AFA014B00A2F87F /* MainView.swift in Sources */ = {isa = PBXBuildFile; fileRef = A8BC23902AFA014B00A2F87F /* MainView.swift */; };
/* End PBXBuildFile section */

/* Begin PBXContainerItemProxy section */
		7A393A4F2B08E7B400B1E994 /* PBXContainerItemProxy */ = {
			isa = PBXContainerItemProxy;
			containerPortal = 7A7F87772AEF559C00F14B11 /* Project object */;
			proxyType = 1;
			remoteGlobalIDString = 7A393A462B08E7B400B1E994;
			remoteInfo = ShareExtension;
		};
		7A7F87902AEF559E00F14B11 /* PBXContainerItemProxy */ = {
			isa = PBXContainerItemProxy;
			containerPortal = 7A7F87772AEF559C00F14B11 /* Project object */;
			proxyType = 1;
			remoteGlobalIDString = 7A7F877E2AEF559C00F14B11;
			remoteInfo = Cuckoo;
		};
		7A7F879A2AEF559E00F14B11 /* PBXContainerItemProxy */ = {
			isa = PBXContainerItemProxy;
			containerPortal = 7A7F87772AEF559C00F14B11 /* Project object */;
			proxyType = 1;
			remoteGlobalIDString = 7A7F877E2AEF559C00F14B11;
			remoteInfo = Cuckoo;
		};
/* End PBXContainerItemProxy section */

/* Begin PBXCopyFilesBuildPhase section */
		7A9BF7092AFD4DF900924412 /* Embed Foundation Extensions */ = {
			isa = PBXCopyFilesBuildPhase;
			buildActionMask = 2147483647;
			dstPath = "";
			dstSubfolderSpec = 13;
			files = (
				7A393A512B08E7B400B1E994 /* ShareExtension.appex in Embed Foundation Extensions */,
			);
			name = "Embed Foundation Extensions";
			runOnlyForDeploymentPostprocessing = 0;
		};
/* End PBXCopyFilesBuildPhase section */

/* Begin PBXFileReference section */
		7A393A472B08E7B400B1E994 /* ShareExtension.appex */ = {isa = PBXFileReference; explicitFileType = "wrapper.app-extension"; includeInIndex = 0; path = ShareExtension.appex; sourceTree = BUILT_PRODUCTS_DIR; };
		7A393A4C2B08E7B400B1E994 /* Base */ = {isa = PBXFileReference; lastKnownFileType = file.storyboard; name = Base; path = Base.lproj/MainInterface.storyboard; sourceTree = "<group>"; };
		7A393A4E2B08E7B400B1E994 /* Info.plist */ = {isa = PBXFileReference; lastKnownFileType = text.plist.xml; path = Info.plist; sourceTree = "<group>"; };
		7A393A592B08F23500B1E994 /* FirstViewController.swift */ = {isa = PBXFileReference; lastKnownFileType = sourcecode.swift; name = FirstViewController.swift; path = shareExtension/FirstViewController.swift; sourceTree = SOURCE_ROOT; };
		7A67B4612B0A4A15009AE56C /* SettingsView.swift */ = {isa = PBXFileReference; lastKnownFileType = sourcecode.swift; path = SettingsView.swift; sourceTree = "<group>"; };
		7A67B4672B0ADE61009AE56C /* TagCollectionViewCell.swift */ = {isa = PBXFileReference; lastKnownFileType = sourcecode.swift; name = TagCollectionViewCell.swift; path = shareExtension/TagCollectionViewCell.swift; sourceTree = SOURCE_ROOT; };
		7A67B4682B0ADE61009AE56C /* TagCollectionViewCell.xib */ = {isa = PBXFileReference; lastKnownFileType = file.xib; name = TagCollectionViewCell.xib; path = shareExtension/TagCollectionViewCell.xib; sourceTree = SOURCE_ROOT; };
		7A7F877F2AEF559C00F14B11 /* Cuckoo.app */ = {isa = PBXFileReference; explicitFileType = wrapper.application; includeInIndex = 0; path = Cuckoo.app; sourceTree = BUILT_PRODUCTS_DIR; };
		7A7F87822AEF559C00F14B11 /* CuckooApp.swift */ = {isa = PBXFileReference; lastKnownFileType = sourcecode.swift; path = CuckooApp.swift; sourceTree = "<group>"; };
		7A7F87842AEF559C00F14B11 /* ContentView.swift */ = {isa = PBXFileReference; lastKnownFileType = sourcecode.swift; path = ContentView.swift; sourceTree = "<group>"; };
		7A7F87862AEF559D00F14B11 /* Assets.xcassets */ = {isa = PBXFileReference; lastKnownFileType = folder.assetcatalog; path = Assets.xcassets; sourceTree = "<group>"; };
		7A7F87892AEF559D00F14B11 /* Preview Assets.xcassets */ = {isa = PBXFileReference; lastKnownFileType = folder.assetcatalog; path = "Preview Assets.xcassets"; sourceTree = "<group>"; };
		7A7F878F2AEF559E00F14B11 /* CuckooTests.xctest */ = {isa = PBXFileReference; explicitFileType = wrapper.cfbundle; includeInIndex = 0; path = CuckooTests.xctest; sourceTree = BUILT_PRODUCTS_DIR; };
		7A7F87932AEF559E00F14B11 /* CuckooTests.swift */ = {isa = PBXFileReference; lastKnownFileType = sourcecode.swift; path = CuckooTests.swift; sourceTree = "<group>"; };
		7A7F87992AEF559E00F14B11 /* CuckooUITests.xctest */ = {isa = PBXFileReference; explicitFileType = wrapper.cfbundle; includeInIndex = 0; path = CuckooUITests.xctest; sourceTree = BUILT_PRODUCTS_DIR; };
		7A7F879D2AEF559E00F14B11 /* CuckooUITests.swift */ = {isa = PBXFileReference; lastKnownFileType = sourcecode.swift; path = CuckooUITests.swift; sourceTree = "<group>"; };
		7A7F879F2AEF559E00F14B11 /* CuckooUITestsLaunchTests.swift */ = {isa = PBXFileReference; lastKnownFileType = sourcecode.swift; path = CuckooUITestsLaunchTests.swift; sourceTree = "<group>"; };
		A8BC238E2AFA013B00A2F87F /* MainContainerView.swift */ = {isa = PBXFileReference; lastKnownFileType = sourcecode.swift; path = MainContainerView.swift; sourceTree = "<group>"; };
		A8BC23902AFA014B00A2F87F /* MainView.swift */ = {isa = PBXFileReference; lastKnownFileType = sourcecode.swift; path = MainView.swift; sourceTree = "<group>"; };
/* End PBXFileReference section */

/* Begin PBXFrameworksBuildPhase section */
		7A393A442B08E7B400B1E994 /* Frameworks */ = {
			isa = PBXFrameworksBuildPhase;
			buildActionMask = 2147483647;
			files = (
			);
			runOnlyForDeploymentPostprocessing = 0;
		};
		7A7F877C2AEF559C00F14B11 /* Frameworks */ = {
			isa = PBXFrameworksBuildPhase;
			buildActionMask = 2147483647;
			files = (
			);
			runOnlyForDeploymentPostprocessing = 0;
		};
		7A7F878C2AEF559E00F14B11 /* Frameworks */ = {
			isa = PBXFrameworksBuildPhase;
			buildActionMask = 2147483647;
			files = (
			);
			runOnlyForDeploymentPostprocessing = 0;
		};
		7A7F87962AEF559E00F14B11 /* Frameworks */ = {
			isa = PBXFrameworksBuildPhase;
			buildActionMask = 2147483647;
			files = (
			);
			runOnlyForDeploymentPostprocessing = 0;
		};
/* End PBXFrameworksBuildPhase section */

/* Begin PBXGroup section */
		7A393A482B08E7B400B1E994 /* ShareExtension */ = {
			isa = PBXGroup;
			children = (
				7A393A592B08F23500B1E994 /* FirstViewController.swift */,
				7A393A4B2B08E7B400B1E994 /* MainInterface.storyboard */,
				7A393A4E2B08E7B400B1E994 /* Info.plist */,
				7A67B4672B0ADE61009AE56C /* TagCollectionViewCell.swift */,
				7A67B4682B0ADE61009AE56C /* TagCollectionViewCell.xib */,
			);
			path = ShareExtension;
			sourceTree = "<group>";
		};
		7A7F87762AEF559C00F14B11 = {
			isa = PBXGroup;
			children = (
				7A7F87812AEF559C00F14B11 /* Cuckoo */,
				7A7F87922AEF559E00F14B11 /* CuckooTests */,
				7A7F879C2AEF559E00F14B11 /* CuckooUITests */,
				7A393A482B08E7B400B1E994 /* ShareExtension */,
				7A7F87802AEF559C00F14B11 /* Products */,
			);
			sourceTree = "<group>";
		};
		7A7F87802AEF559C00F14B11 /* Products */ = {
			isa = PBXGroup;
			children = (
				7A7F877F2AEF559C00F14B11 /* Cuckoo.app */,
				7A7F878F2AEF559E00F14B11 /* CuckooTests.xctest */,
				7A7F87992AEF559E00F14B11 /* CuckooUITests.xctest */,
				7A393A472B08E7B400B1E994 /* ShareExtension.appex */,
			);
			name = Products;
			sourceTree = "<group>";
		};
		7A7F87812AEF559C00F14B11 /* Cuckoo */ = {
			isa = PBXGroup;
			children = (
				A8BC238E2AFA013B00A2F87F /* MainContainerView.swift */,
				7A7F87822AEF559C00F14B11 /* CuckooApp.swift */,
				7A7F87842AEF559C00F14B11 /* ContentView.swift */,
				A8BC23902AFA014B00A2F87F /* MainView.swift */,
				7A7F87862AEF559D00F14B11 /* Assets.xcassets */,
				7A7F87882AEF559D00F14B11 /* Preview Content */,
				7A67B4612B0A4A15009AE56C /* SettingsView.swift */,
			);
			path = Cuckoo;
			sourceTree = "<group>";
		};
		7A7F87882AEF559D00F14B11 /* Preview Content */ = {
			isa = PBXGroup;
			children = (
				7A7F87892AEF559D00F14B11 /* Preview Assets.xcassets */,
			);
			path = "Preview Content";
			sourceTree = "<group>";
		};
		7A7F87922AEF559E00F14B11 /* CuckooTests */ = {
			isa = PBXGroup;
			children = (
				7A7F87932AEF559E00F14B11 /* CuckooTests.swift */,
			);
			path = CuckooTests;
			sourceTree = "<group>";
		};
		7A7F879C2AEF559E00F14B11 /* CuckooUITests */ = {
			isa = PBXGroup;
			children = (
				7A7F879D2AEF559E00F14B11 /* CuckooUITests.swift */,
				7A7F879F2AEF559E00F14B11 /* CuckooUITestsLaunchTests.swift */,
			);
			path = CuckooUITests;
			sourceTree = "<group>";
		};
/* End PBXGroup section */

/* Begin PBXNativeTarget section */
		7A393A462B08E7B400B1E994 /* ShareExtension */ = {
			isa = PBXNativeTarget;
			buildConfigurationList = 7A393A522B08E7B400B1E994 /* Build configuration list for PBXNativeTarget "ShareExtension" */;
			buildPhases = (
				7A393A432B08E7B400B1E994 /* Sources */,
				7A393A442B08E7B400B1E994 /* Frameworks */,
				7A393A452B08E7B400B1E994 /* Resources */,
			);
			buildRules = (
			);
			dependencies = (
			);
			name = ShareExtension;
			productName = ShareExtension;
			productReference = 7A393A472B08E7B400B1E994 /* ShareExtension.appex */;
			productType = "com.apple.product-type.app-extension";
		};
		7A7F877E2AEF559C00F14B11 /* Cuckoo */ = {
			isa = PBXNativeTarget;
			buildConfigurationList = 7A7F87A32AEF559E00F14B11 /* Build configuration list for PBXNativeTarget "Cuckoo" */;
			buildPhases = (
				7A7F877B2AEF559C00F14B11 /* Sources */,
				7A7F877C2AEF559C00F14B11 /* Frameworks */,
				7A7F877D2AEF559C00F14B11 /* Resources */,
				7A9BF7092AFD4DF900924412 /* Embed Foundation Extensions */,
			);
			buildRules = (
			);
			dependencies = (
				7A393A502B08E7B400B1E994 /* PBXTargetDependency */,
			);
			name = Cuckoo;
			productName = Cuckoo;
			productReference = 7A7F877F2AEF559C00F14B11 /* Cuckoo.app */;
			productType = "com.apple.product-type.application";
		};
		7A7F878E2AEF559E00F14B11 /* CuckooTests */ = {
			isa = PBXNativeTarget;
			buildConfigurationList = 7A7F87A62AEF559E00F14B11 /* Build configuration list for PBXNativeTarget "CuckooTests" */;
			buildPhases = (
				7A7F878B2AEF559E00F14B11 /* Sources */,
				7A7F878C2AEF559E00F14B11 /* Frameworks */,
				7A7F878D2AEF559E00F14B11 /* Resources */,
			);
			buildRules = (
			);
			dependencies = (
				7A7F87912AEF559E00F14B11 /* PBXTargetDependency */,
			);
			name = CuckooTests;
			productName = CuckooTests;
			productReference = 7A7F878F2AEF559E00F14B11 /* CuckooTests.xctest */;
			productType = "com.apple.product-type.bundle.unit-test";
		};
		7A7F87982AEF559E00F14B11 /* CuckooUITests */ = {
			isa = PBXNativeTarget;
			buildConfigurationList = 7A7F87A92AEF559E00F14B11 /* Build configuration list for PBXNativeTarget "CuckooUITests" */;
			buildPhases = (
				7A7F87952AEF559E00F14B11 /* Sources */,
				7A7F87962AEF559E00F14B11 /* Frameworks */,
				7A7F87972AEF559E00F14B11 /* Resources */,
			);
			buildRules = (
			);
			dependencies = (
				7A7F879B2AEF559E00F14B11 /* PBXTargetDependency */,
			);
			name = CuckooUITests;
			productName = CuckooUITests;
			productReference = 7A7F87992AEF559E00F14B11 /* CuckooUITests.xctest */;
			productType = "com.apple.product-type.bundle.ui-testing";
		};
/* End PBXNativeTarget section */

/* Begin PBXProject section */
		7A7F87772AEF559C00F14B11 /* Project object */ = {
			isa = PBXProject;
			attributes = {
				BuildIndependentTargetsInParallel = 1;
				LastSwiftUpdateCheck = 1500;
				LastUpgradeCheck = 1500;
				TargetAttributes = {
					7A393A462B08E7B400B1E994 = {
						CreatedOnToolsVersion = 15.0.1;
					};
					7A7F877E2AEF559C00F14B11 = {
						CreatedOnToolsVersion = 15.0.1;
					};
					7A7F878E2AEF559E00F14B11 = {
						CreatedOnToolsVersion = 15.0.1;
						TestTargetID = 7A7F877E2AEF559C00F14B11;
					};
					7A7F87982AEF559E00F14B11 = {
						CreatedOnToolsVersion = 15.0.1;
						TestTargetID = 7A7F877E2AEF559C00F14B11;
					};
				};
			};
			buildConfigurationList = 7A7F877A2AEF559C00F14B11 /* Build configuration list for PBXProject "Cuckoo" */;
			compatibilityVersion = "Xcode 14.0";
			developmentRegion = en;
			hasScannedForEncodings = 0;
			knownRegions = (
				en,
				Base,
			);
			mainGroup = 7A7F87762AEF559C00F14B11;
			productRefGroup = 7A7F87802AEF559C00F14B11 /* Products */;
			projectDirPath = "";
			projectRoot = "";
			targets = (
				7A7F877E2AEF559C00F14B11 /* Cuckoo */,
				7A7F878E2AEF559E00F14B11 /* CuckooTests */,
				7A7F87982AEF559E00F14B11 /* CuckooUITests */,
				7A393A462B08E7B400B1E994 /* ShareExtension */,
			);
		};
/* End PBXProject section */

/* Begin PBXResourcesBuildPhase section */
		7A393A452B08E7B400B1E994 /* Resources */ = {
			isa = PBXResourcesBuildPhase;
			buildActionMask = 2147483647;
			files = (
				7A393A4D2B08E7B400B1E994 /* MainInterface.storyboard in Resources */,
				7A67B46A2B0ADE61009AE56C /* TagCollectionViewCell.xib in Resources */,
			);
			runOnlyForDeploymentPostprocessing = 0;
		};
		7A7F877D2AEF559C00F14B11 /* Resources */ = {
			isa = PBXResourcesBuildPhase;
			buildActionMask = 2147483647;
			files = (
				7A7F878A2AEF559D00F14B11 /* Preview Assets.xcassets in Resources */,
				7A7F87872AEF559D00F14B11 /* Assets.xcassets in Resources */,
			);
			runOnlyForDeploymentPostprocessing = 0;
		};
		7A7F878D2AEF559E00F14B11 /* Resources */ = {
			isa = PBXResourcesBuildPhase;
			buildActionMask = 2147483647;
			files = (
			);
			runOnlyForDeploymentPostprocessing = 0;
		};
		7A7F87972AEF559E00F14B11 /* Resources */ = {
			isa = PBXResourcesBuildPhase;
			buildActionMask = 2147483647;
			files = (
			);
			runOnlyForDeploymentPostprocessing = 0;
		};
/* End PBXResourcesBuildPhase section */

/* Begin PBXSourcesBuildPhase section */
		7A393A432B08E7B400B1E994 /* Sources */ = {
			isa = PBXSourcesBuildPhase;
			buildActionMask = 2147483647;
			files = (
				7A393A5A2B08F23500B1E994 /* FirstViewController.swift in Sources */,
				7A67B4692B0ADE61009AE56C /* TagCollectionViewCell.swift in Sources */,
			);
			runOnlyForDeploymentPostprocessing = 0;
		};
		7A7F877B2AEF559C00F14B11 /* Sources */ = {
			isa = PBXSourcesBuildPhase;
			buildActionMask = 2147483647;
			files = (
				7A67B4622B0A4A15009AE56C /* SettingsView.swift in Sources */,
				7A7F87852AEF559C00F14B11 /* ContentView.swift in Sources */,
				A8BC23912AFA014B00A2F87F /* MainView.swift in Sources */,
				A8BC238F2AFA013B00A2F87F /* MainContainerView.swift in Sources */,
				7A7F87832AEF559C00F14B11 /* CuckooApp.swift in Sources */,
			);
			runOnlyForDeploymentPostprocessing = 0;
		};
		7A7F878B2AEF559E00F14B11 /* Sources */ = {
			isa = PBXSourcesBuildPhase;
			buildActionMask = 2147483647;
			files = (
				7A7F87942AEF559E00F14B11 /* CuckooTests.swift in Sources */,
			);
			runOnlyForDeploymentPostprocessing = 0;
		};
		7A7F87952AEF559E00F14B11 /* Sources */ = {
			isa = PBXSourcesBuildPhase;
			buildActionMask = 2147483647;
			files = (
				7A7F87A02AEF559E00F14B11 /* CuckooUITestsLaunchTests.swift in Sources */,
				7A7F879E2AEF559E00F14B11 /* CuckooUITests.swift in Sources */,
			);
			runOnlyForDeploymentPostprocessing = 0;
		};
/* End PBXSourcesBuildPhase section */

/* Begin PBXTargetDependency section */
		7A393A502B08E7B400B1E994 /* PBXTargetDependency */ = {
			isa = PBXTargetDependency;
			target = 7A393A462B08E7B400B1E994 /* ShareExtension */;
			targetProxy = 7A393A4F2B08E7B400B1E994 /* PBXContainerItemProxy */;
		};
		7A7F87912AEF559E00F14B11 /* PBXTargetDependency */ = {
			isa = PBXTargetDependency;
			target = 7A7F877E2AEF559C00F14B11 /* Cuckoo */;
			targetProxy = 7A7F87902AEF559E00F14B11 /* PBXContainerItemProxy */;
		};
		7A7F879B2AEF559E00F14B11 /* PBXTargetDependency */ = {
			isa = PBXTargetDependency;
			target = 7A7F877E2AEF559C00F14B11 /* Cuckoo */;
			targetProxy = 7A7F879A2AEF559E00F14B11 /* PBXContainerItemProxy */;
		};
/* End PBXTargetDependency section */

/* Begin PBXVariantGroup section */
		7A393A4B2B08E7B400B1E994 /* MainInterface.storyboard */ = {
			isa = PBXVariantGroup;
			children = (
				7A393A4C2B08E7B400B1E994 /* Base */,
			);
			name = MainInterface.storyboard;
			sourceTree = "<group>";
		};
/* End PBXVariantGroup section */

/* Begin XCBuildConfiguration section */
		7A393A532B08E7B400B1E994 /* Debug */ = {
			isa = XCBuildConfiguration;
			buildSettings = {
				CODE_SIGN_STYLE = Automatic;
				CURRENT_PROJECT_VERSION = 1;
				GENERATE_INFOPLIST_FILE = YES;
				INFOPLIST_FILE = ShareExtension/Info.plist;
				INFOPLIST_KEY_CFBundleDisplayName = ShareExtension;
				INFOPLIST_KEY_NSHumanReadableCopyright = "";
				LD_RUNPATH_SEARCH_PATHS = (
					"$(inherited)",
					"@executable_path/Frameworks",
					"@executable_path/../../Frameworks",
				);
				MARKETING_VERSION = 1.0;
				PRODUCT_BUNDLE_IDENTIFIER = softwarestudio2.Cuckoo.ShareExtension;
				PRODUCT_NAME = "$(TARGET_NAME)";
				SKIP_INSTALL = YES;
				SWIFT_EMIT_LOC_STRINGS = YES;
				SWIFT_VERSION = 5.0;
				TARGETED_DEVICE_FAMILY = "1,2";
			};
			name = Debug;
		};
		7A393A542B08E7B400B1E994 /* Release */ = {
			isa = XCBuildConfiguration;
			buildSettings = {
				CODE_SIGN_STYLE = Automatic;
				CURRENT_PROJECT_VERSION = 1;
				GENERATE_INFOPLIST_FILE = YES;
				INFOPLIST_FILE = ShareExtension/Info.plist;
				INFOPLIST_KEY_CFBundleDisplayName = ShareExtension;
				INFOPLIST_KEY_NSHumanReadableCopyright = "";
				LD_RUNPATH_SEARCH_PATHS = (
					"$(inherited)",
					"@executable_path/Frameworks",
					"@executable_path/../../Frameworks",
				);
				MARKETING_VERSION = 1.0;
				PRODUCT_BUNDLE_IDENTIFIER = softwarestudio2.Cuckoo.ShareExtension;
				PRODUCT_NAME = "$(TARGET_NAME)";
				SKIP_INSTALL = YES;
				SWIFT_EMIT_LOC_STRINGS = YES;
				SWIFT_VERSION = 5.0;
				TARGETED_DEVICE_FAMILY = "1,2";
			};
			name = Release;
		};
		7A7F87A12AEF559E00F14B11 /* Debug */ = {
			isa = XCBuildConfiguration;
			buildSettings = {
				ALWAYS_SEARCH_USER_PATHS = NO;
				ASSETCATALOG_COMPILER_GENERATE_SWIFT_ASSET_SYMBOL_EXTENSIONS = YES;
				CLANG_ANALYZER_NONNULL = YES;
				CLANG_ANALYZER_NUMBER_OBJECT_CONVERSION = YES_AGGRESSIVE;
				CLANG_CXX_LANGUAGE_STANDARD = "gnu++20";
				CLANG_ENABLE_MODULES = YES;
				CLANG_ENABLE_OBJC_ARC = YES;
				CLANG_ENABLE_OBJC_WEAK = YES;
				CLANG_WARN_BLOCK_CAPTURE_AUTORELEASING = YES;
				CLANG_WARN_BOOL_CONVERSION = YES;
				CLANG_WARN_COMMA = YES;
				CLANG_WARN_CONSTANT_CONVERSION = YES;
				CLANG_WARN_DEPRECATED_OBJC_IMPLEMENTATIONS = YES;
				CLANG_WARN_DIRECT_OBJC_ISA_USAGE = YES_ERROR;
				CLANG_WARN_DOCUMENTATION_COMMENTS = YES;
				CLANG_WARN_EMPTY_BODY = YES;
				CLANG_WARN_ENUM_CONVERSION = YES;
				CLANG_WARN_INFINITE_RECURSION = YES;
				CLANG_WARN_INT_CONVERSION = YES;
				CLANG_WARN_NON_LITERAL_NULL_CONVERSION = YES;
				CLANG_WARN_OBJC_IMPLICIT_RETAIN_SELF = YES;
				CLANG_WARN_OBJC_LITERAL_CONVERSION = YES;
				CLANG_WARN_OBJC_ROOT_CLASS = YES_ERROR;
				CLANG_WARN_QUOTED_INCLUDE_IN_FRAMEWORK_HEADER = YES;
				CLANG_WARN_RANGE_LOOP_ANALYSIS = YES;
				CLANG_WARN_STRICT_PROTOTYPES = YES;
				CLANG_WARN_SUSPICIOUS_MOVE = YES;
				CLANG_WARN_UNGUARDED_AVAILABILITY = YES_AGGRESSIVE;
				CLANG_WARN_UNREACHABLE_CODE = YES;
				CLANG_WARN__DUPLICATE_METHOD_MATCH = YES;
				COPY_PHASE_STRIP = NO;
				DEBUG_INFORMATION_FORMAT = dwarf;
				ENABLE_STRICT_OBJC_MSGSEND = YES;
				ENABLE_TESTABILITY = YES;
				ENABLE_USER_SCRIPT_SANDBOXING = YES;
				GCC_C_LANGUAGE_STANDARD = gnu17;
				GCC_DYNAMIC_NO_PIC = NO;
				GCC_NO_COMMON_BLOCKS = YES;
				GCC_OPTIMIZATION_LEVEL = 0;
				GCC_PREPROCESSOR_DEFINITIONS = (
					"DEBUG=1",
					"$(inherited)",
				);
				GCC_WARN_64_TO_32_BIT_CONVERSION = YES;
				GCC_WARN_ABOUT_RETURN_TYPE = YES_ERROR;
				GCC_WARN_UNDECLARED_SELECTOR = YES;
				GCC_WARN_UNINITIALIZED_AUTOS = YES_AGGRESSIVE;
				GCC_WARN_UNUSED_FUNCTION = YES;
				GCC_WARN_UNUSED_VARIABLE = YES;
				IPHONEOS_DEPLOYMENT_TARGET = 17.0;
				LOCALIZATION_PREFERS_STRING_CATALOGS = YES;
				MTL_ENABLE_DEBUG_INFO = INCLUDE_SOURCE;
				MTL_FAST_MATH = YES;
				ONLY_ACTIVE_ARCH = YES;
				SDKROOT = iphoneos;
				SWIFT_ACTIVE_COMPILATION_CONDITIONS = "DEBUG $(inherited)";
				SWIFT_OPTIMIZATION_LEVEL = "-Onone";
			};
			name = Debug;
		};
		7A7F87A22AEF559E00F14B11 /* Release */ = {
			isa = XCBuildConfiguration;
			buildSettings = {
				ALWAYS_SEARCH_USER_PATHS = NO;
				ASSETCATALOG_COMPILER_GENERATE_SWIFT_ASSET_SYMBOL_EXTENSIONS = YES;
				CLANG_ANALYZER_NONNULL = YES;
				CLANG_ANALYZER_NUMBER_OBJECT_CONVERSION = YES_AGGRESSIVE;
				CLANG_CXX_LANGUAGE_STANDARD = "gnu++20";
				CLANG_ENABLE_MODULES = YES;
				CLANG_ENABLE_OBJC_ARC = YES;
				CLANG_ENABLE_OBJC_WEAK = YES;
				CLANG_WARN_BLOCK_CAPTURE_AUTORELEASING = YES;
				CLANG_WARN_BOOL_CONVERSION = YES;
				CLANG_WARN_COMMA = YES;
				CLANG_WARN_CONSTANT_CONVERSION = YES;
				CLANG_WARN_DEPRECATED_OBJC_IMPLEMENTATIONS = YES;
				CLANG_WARN_DIRECT_OBJC_ISA_USAGE = YES_ERROR;
				CLANG_WARN_DOCUMENTATION_COMMENTS = YES;
				CLANG_WARN_EMPTY_BODY = YES;
				CLANG_WARN_ENUM_CONVERSION = YES;
				CLANG_WARN_INFINITE_RECURSION = YES;
				CLANG_WARN_INT_CONVERSION = YES;
				CLANG_WARN_NON_LITERAL_NULL_CONVERSION = YES;
				CLANG_WARN_OBJC_IMPLICIT_RETAIN_SELF = YES;
				CLANG_WARN_OBJC_LITERAL_CONVERSION = YES;
				CLANG_WARN_OBJC_ROOT_CLASS = YES_ERROR;
				CLANG_WARN_QUOTED_INCLUDE_IN_FRAMEWORK_HEADER = YES;
				CLANG_WARN_RANGE_LOOP_ANALYSIS = YES;
				CLANG_WARN_STRICT_PROTOTYPES = YES;
				CLANG_WARN_SUSPICIOUS_MOVE = YES;
				CLANG_WARN_UNGUARDED_AVAILABILITY = YES_AGGRESSIVE;
				CLANG_WARN_UNREACHABLE_CODE = YES;
				CLANG_WARN__DUPLICATE_METHOD_MATCH = YES;
				COPY_PHASE_STRIP = NO;
				DEBUG_INFORMATION_FORMAT = "dwarf-with-dsym";
				ENABLE_NS_ASSERTIONS = NO;
				ENABLE_STRICT_OBJC_MSGSEND = YES;
				ENABLE_USER_SCRIPT_SANDBOXING = YES;
				GCC_C_LANGUAGE_STANDARD = gnu17;
				GCC_NO_COMMON_BLOCKS = YES;
				GCC_WARN_64_TO_32_BIT_CONVERSION = YES;
				GCC_WARN_ABOUT_RETURN_TYPE = YES_ERROR;
				GCC_WARN_UNDECLARED_SELECTOR = YES;
				GCC_WARN_UNINITIALIZED_AUTOS = YES_AGGRESSIVE;
				GCC_WARN_UNUSED_FUNCTION = YES;
				GCC_WARN_UNUSED_VARIABLE = YES;
				IPHONEOS_DEPLOYMENT_TARGET = 17.0;
				LOCALIZATION_PREFERS_STRING_CATALOGS = YES;
				MTL_ENABLE_DEBUG_INFO = NO;
				MTL_FAST_MATH = YES;
				SDKROOT = iphoneos;
				SWIFT_COMPILATION_MODE = wholemodule;
				VALIDATE_PRODUCT = YES;
			};
			name = Release;
		};
		7A7F87A42AEF559E00F14B11 /* Debug */ = {
			isa = XCBuildConfiguration;
			buildSettings = {
				ALWAYS_EMBED_SWIFT_STANDARD_LIBRARIES = YES;
				ASSETCATALOG_COMPILER_APPICON_NAME = AppIcon;
				ASSETCATALOG_COMPILER_GLOBAL_ACCENT_COLOR_NAME = AccentColor;
				CODE_SIGN_STYLE = Automatic;
				CURRENT_PROJECT_VERSION = 1;
				DEVELOPMENT_ASSET_PATHS = "\"Cuckoo/Preview Content\"";
				ENABLE_PREVIEWS = YES;
				GENERATE_INFOPLIST_FILE = YES;
				INFOPLIST_KEY_UIApplicationSceneManifest_Generation = YES;
				INFOPLIST_KEY_UIApplicationSupportsIndirectInputEvents = YES;
				INFOPLIST_KEY_UILaunchScreen_Generation = YES;
				INFOPLIST_KEY_UISupportedInterfaceOrientations_iPad = "UIInterfaceOrientationPortrait UIInterfaceOrientationPortraitUpsideDown UIInterfaceOrientationLandscapeLeft UIInterfaceOrientationLandscapeRight";
				INFOPLIST_KEY_UISupportedInterfaceOrientations_iPhone = "UIInterfaceOrientationPortrait UIInterfaceOrientationLandscapeLeft UIInterfaceOrientationLandscapeRight";
				IPHONEOS_DEPLOYMENT_TARGET = 16.0;
				LD_RUNPATH_SEARCH_PATHS = (
					"$(inherited)",
					"@executable_path/Frameworks",
				);
				MARKETING_VERSION = 1.0;
				PRODUCT_BUNDLE_IDENTIFIER = com.codershigh.hyu2023.Cuckoo;
				PRODUCT_NAME = "$(TARGET_NAME)";
				SWIFT_EMIT_LOC_STRINGS = YES;
				SWIFT_VERSION = 5.0;
				TARGETED_DEVICE_FAMILY = "1,2";
			};
			name = Debug;
		};
		7A7F87A52AEF559E00F14B11 /* Release */ = {
			isa = XCBuildConfiguration;
			buildSettings = {
				ALWAYS_EMBED_SWIFT_STANDARD_LIBRARIES = YES;
				ASSETCATALOG_COMPILER_APPICON_NAME = AppIcon;
				ASSETCATALOG_COMPILER_GLOBAL_ACCENT_COLOR_NAME = AccentColor;
				CODE_SIGN_STYLE = Automatic;
				CURRENT_PROJECT_VERSION = 1;
				DEVELOPMENT_ASSET_PATHS = "\"Cuckoo/Preview Content\"";
				ENABLE_PREVIEWS = YES;
				GENERATE_INFOPLIST_FILE = YES;
				INFOPLIST_KEY_UIApplicationSceneManifest_Generation = YES;
				INFOPLIST_KEY_UIApplicationSupportsIndirectInputEvents = YES;
				INFOPLIST_KEY_UILaunchScreen_Generation = YES;
				INFOPLIST_KEY_UISupportedInterfaceOrientations_iPad = "UIInterfaceOrientationPortrait UIInterfaceOrientationPortraitUpsideDown UIInterfaceOrientationLandscapeLeft UIInterfaceOrientationLandscapeRight";
				INFOPLIST_KEY_UISupportedInterfaceOrientations_iPhone = "UIInterfaceOrientationPortrait UIInterfaceOrientationLandscapeLeft UIInterfaceOrientationLandscapeRight";
				IPHONEOS_DEPLOYMENT_TARGET = 16.0;
				LD_RUNPATH_SEARCH_PATHS = (
					"$(inherited)",
					"@executable_path/Frameworks",
				);
				MARKETING_VERSION = 1.0;
				PRODUCT_BUNDLE_IDENTIFIER = com.codershigh.hyu2023.Cuckoo;
				PRODUCT_NAME = "$(TARGET_NAME)";
				SWIFT_EMIT_LOC_STRINGS = YES;
				SWIFT_VERSION = 5.0;
				TARGETED_DEVICE_FAMILY = "1,2";
			};
			name = Release;
		};
		7A7F87A72AEF559E00F14B11 /* Debug */ = {
			isa = XCBuildConfiguration;
			buildSettings = {
				ALWAYS_EMBED_SWIFT_STANDARD_LIBRARIES = YES;
				BUNDLE_LOADER = "$(TEST_HOST)";
				CODE_SIGN_STYLE = Automatic;
				CURRENT_PROJECT_VERSION = 1;
				GENERATE_INFOPLIST_FILE = YES;
				IPHONEOS_DEPLOYMENT_TARGET = 17.0;
				MARKETING_VERSION = 1.0;
				PRODUCT_BUNDLE_IDENTIFIER = softwarestudio2.CuckooTests;
				PRODUCT_NAME = "$(TARGET_NAME)";
				SWIFT_EMIT_LOC_STRINGS = NO;
				SWIFT_VERSION = 5.0;
				TARGETED_DEVICE_FAMILY = "1,2";
				TEST_HOST = "$(BUILT_PRODUCTS_DIR)/Cuckoo.app/$(BUNDLE_EXECUTABLE_FOLDER_PATH)/Cuckoo";
			};
			name = Debug;
		};
		7A7F87A82AEF559E00F14B11 /* Release */ = {
			isa = XCBuildConfiguration;
			buildSettings = {
				ALWAYS_EMBED_SWIFT_STANDARD_LIBRARIES = YES;
				BUNDLE_LOADER = "$(TEST_HOST)";
				CODE_SIGN_STYLE = Automatic;
				CURRENT_PROJECT_VERSION = 1;
				GENERATE_INFOPLIST_FILE = YES;
				IPHONEOS_DEPLOYMENT_TARGET = 17.0;
				MARKETING_VERSION = 1.0;
				PRODUCT_BUNDLE_IDENTIFIER = softwarestudio2.CuckooTests;
				PRODUCT_NAME = "$(TARGET_NAME)";
				SWIFT_EMIT_LOC_STRINGS = NO;
				SWIFT_VERSION = 5.0;
				TARGETED_DEVICE_FAMILY = "1,2";
				TEST_HOST = "$(BUILT_PRODUCTS_DIR)/Cuckoo.app/$(BUNDLE_EXECUTABLE_FOLDER_PATH)/Cuckoo";
			};
			name = Release;
		};
		7A7F87AA2AEF559E00F14B11 /* Debug */ = {
			isa = XCBuildConfiguration;
			buildSettings = {
				ALWAYS_EMBED_SWIFT_STANDARD_LIBRARIES = YES;
				CODE_SIGN_STYLE = Automatic;
				CURRENT_PROJECT_VERSION = 1;
				GENERATE_INFOPLIST_FILE = YES;
				MARKETING_VERSION = 1.0;
				PRODUCT_BUNDLE_IDENTIFIER = softwarestudio2.CuckooUITests;
				PRODUCT_NAME = "$(TARGET_NAME)";
				SWIFT_EMIT_LOC_STRINGS = NO;
				SWIFT_VERSION = 5.0;
				TARGETED_DEVICE_FAMILY = "1,2";
				TEST_TARGET_NAME = Cuckoo;
			};
			name = Debug;
		};
		7A7F87AB2AEF559E00F14B11 /* Release */ = {
			isa = XCBuildConfiguration;
			buildSettings = {
				ALWAYS_EMBED_SWIFT_STANDARD_LIBRARIES = YES;
				CODE_SIGN_STYLE = Automatic;
				CURRENT_PROJECT_VERSION = 1;
				GENERATE_INFOPLIST_FILE = YES;
				MARKETING_VERSION = 1.0;
				PRODUCT_BUNDLE_IDENTIFIER = softwarestudio2.CuckooUITests;
				PRODUCT_NAME = "$(TARGET_NAME)";
				SWIFT_EMIT_LOC_STRINGS = NO;
				SWIFT_VERSION = 5.0;
				TARGETED_DEVICE_FAMILY = "1,2";
				TEST_TARGET_NAME = Cuckoo;
			};
			name = Release;
		};
/* End XCBuildConfiguration section */

/* Begin XCConfigurationList section */
		7A393A522B08E7B400B1E994 /* Build configuration list for PBXNativeTarget "ShareExtension" */ = {
			isa = XCConfigurationList;
			buildConfigurations = (
				7A393A532B08E7B400B1E994 /* Debug */,
				7A393A542B08E7B400B1E994 /* Release */,
			);
			defaultConfigurationIsVisible = 0;
			defaultConfigurationName = Release;
		};
		7A7F877A2AEF559C00F14B11 /* Build configuration list for PBXProject "Cuckoo" */ = {
			isa = XCConfigurationList;
			buildConfigurations = (
				7A7F87A12AEF559E00F14B11 /* Debug */,
				7A7F87A22AEF559E00F14B11 /* Release */,
			);
			defaultConfigurationIsVisible = 0;
			defaultConfigurationName = Release;
		};
		7A7F87A32AEF559E00F14B11 /* Build configuration list for PBXNativeTarget "Cuckoo" */ = {
			isa = XCConfigurationList;
			buildConfigurations = (
				7A7F87A42AEF559E00F14B11 /* Debug */,
				7A7F87A52AEF559E00F14B11 /* Release */,
			);
			defaultConfigurationIsVisible = 0;
			defaultConfigurationName = Release;
		};
		7A7F87A62AEF559E00F14B11 /* Build configuration list for PBXNativeTarget "CuckooTests" */ = {
			isa = XCConfigurationList;
			buildConfigurations = (
				7A7F87A72AEF559E00F14B11 /* Debug */,
				7A7F87A82AEF559E00F14B11 /* Release */,
			);
			defaultConfigurationIsVisible = 0;
			defaultConfigurationName = Release;
		};
		7A7F87A92AEF559E00F14B11 /* Build configuration list for PBXNativeTarget "CuckooUITests" */ = {
			isa = XCConfigurationList;
			buildConfigurations = (
				7A7F87AA2AEF559E00F14B11 /* Debug */,
				7A7F87AB2AEF559E00F14B11 /* Release */,
			);
			defaultConfigurationIsVisible = 0;
			defaultConfigurationName = Release;
		};
/* End XCConfigurationList section */
	};
	rootObject = 7A7F87772AEF559C00F14B11 /* Project object */;
}
