// !$*UTF8*$!
{
	archiveVersion = 1;
	classes = {
	};
	objectVersion = 56;
	objects = {

/* Begin PBXBuildFile section */
		00133EB22B24128E0035AB70 /* UserProfileViewModel.swift in Sources */ = {isa = PBXBuildFile; fileRef = 00133EB12B24128E0035AB70 /* UserProfileViewModel.swift */; };
		00133EBB2B2451530035AB70 /* MemoViewModel.swift in Sources */ = {isa = PBXBuildFile; fileRef = 00133EB92B2451530035AB70 /* MemoViewModel.swift */; };
		00133EBC2B2451530035AB70 /* AlarmPresetViewModel.swift in Sources */ = {isa = PBXBuildFile; fileRef = 00133EBA2B2451530035AB70 /* AlarmPresetViewModel.swift */; };
		0022CB232B1FA9A900EC6A66 /* NotificationLogView.swift in Sources */ = {isa = PBXBuildFile; fileRef = 0022CB222B1FA9A900EC6A66 /* NotificationLogView.swift */; };
		0056C0242B2EB8FA001148AD /* NotificationLogViewModel.swift in Sources */ = {isa = PBXBuildFile; fileRef = 0056C0232B2EB8FA001148AD /* NotificationLogViewModel.swift */; };
		00652D902B12E2DB004C3345 /* 2_Init_AddAlarmPresetView.swift in Sources */ = {isa = PBXBuildFile; fileRef = 00652D8F2B12E2DB004C3345 /* 2_Init_AddAlarmPresetView.swift */; };
		00652D922B12FA1A004C3345 /* 3_Init_AddInfoConfirmView.swift in Sources */ = {isa = PBXBuildFile; fileRef = 00652D912B12FA1A004C3345 /* 3_Init_AddInfoConfirmView.swift */; };
		00652D942B143E51004C3345 /* MemoDetailView.swift in Sources */ = {isa = PBXBuildFile; fileRef = 00652D932B143E51004C3345 /* MemoDetailView.swift */; };
		00652D962B143E70004C3345 /* SettingTagView.swift in Sources */ = {isa = PBXBuildFile; fileRef = 00652D952B143E70004C3345 /* SettingTagView.swift */; };
		00652D982B143E84004C3345 /* SettingView.swift in Sources */ = {isa = PBXBuildFile; fileRef = 00652D972B143E84004C3345 /* SettingView.swift */; };
		00652D9C2B143FAE004C3345 /* SettingProfileView.swift in Sources */ = {isa = PBXBuildFile; fileRef = 00652D9B2B143FAE004C3345 /* SettingProfileView.swift */; };
		00652DA02B1440BC004C3345 /* Dummy.swift in Sources */ = {isa = PBXBuildFile; fileRef = 00652D9F2B1440BC004C3345 /* Dummy.swift */; };
		00652DA22B1443AB004C3345 /* functions.swift in Sources */ = {isa = PBXBuildFile; fileRef = 00652DA12B1443AB004C3345 /* functions.swift */; };
		007BF25B2B2FF78E00B121CE /* SwiftSoup in Frameworks */ = {isa = PBXBuildFile; productRef = 007BF25A2B2FF78E00B121CE /* SwiftSoup */; };
		008DB1B12B2D744C001F9064 /* TagViewModel.swift in Sources */ = {isa = PBXBuildFile; fileRef = 008DB1B02B2D744C001F9064 /* TagViewModel.swift */; };
		008DB1B32B2DA04F001F9064 /* CoreDataManager.swift in Sources */ = {isa = PBXBuildFile; fileRef = 008DB1B22B2DA04F001F9064 /* CoreDataManager.swift */; };
		00A73DFB2B0C31D700B59084 /* AddMemoViewModel.swift in Sources */ = {isa = PBXBuildFile; fileRef = 00A73DFA2B0C31D700B59084 /* AddMemoViewModel.swift */; };
		00A73DFD2B0C323800B59084 /* Memo.swift in Sources */ = {isa = PBXBuildFile; fileRef = 00A73DFC2B0C323800B59084 /* Memo.swift */; };
		00A73DFF2B0C324200B59084 /* User.swift in Sources */ = {isa = PBXBuildFile; fileRef = 00A73DFE2B0C324200B59084 /* User.swift */; };
		00A73E012B0C35D300B59084 /* Tag.swift in Sources */ = {isa = PBXBuildFile; fileRef = 00A73E002B0C35D300B59084 /* Tag.swift */; };
		00A73E0B2B0C40B700B59084 /* 1_Init_AddNameAndTagView.swift in Sources */ = {isa = PBXBuildFile; fileRef = 00A73E0A2B0C40B700B59084 /* 1_Init_AddNameAndTagView.swift */; };
		00A73E0F2B0C583900B59084 /* ViewComponents.swift in Sources */ = {isa = PBXBuildFile; fileRef = 00A73E0E2B0C583900B59084 /* ViewComponents.swift */; };
		00CEBC9A2B2AC6B100A74BBF /* CoreDataContainer.xcdatamodeld in Sources */ = {isa = PBXBuildFile; fileRef = 00CEBC982B2AC6B100A74BBF /* CoreDataContainer.xcdatamodeld */; };
		00DBF6FC2B1F1FF1001EBCE3 /* SettingAlarmPresetView.swift in Sources */ = {isa = PBXBuildFile; fileRef = 00DBF6FB2B1F1FF1001EBCE3 /* SettingAlarmPresetView.swift */; };
		7A0601A62B26AD6700055EBB /* LocalNotification.swift in Sources */ = {isa = PBXBuildFile; fileRef = 7A0601A52B26AD6700055EBB /* LocalNotification.swift */; };
		7A3574EB2B2FFBA700FF5DB2 /* ShareViewController.swift in Sources */ = {isa = PBXBuildFile; fileRef = 7A3574EA2B2FFBA700FF5DB2 /* ShareViewController.swift */; };
		7A3574EE2B2FFBA700FF5DB2 /* MainInterface.storyboard in Resources */ = {isa = PBXBuildFile; fileRef = 7A3574EC2B2FFBA700FF5DB2 /* MainInterface.storyboard */; };
		7A3574F22B2FFBA700FF5DB2 /* ShareExtension.appex in Embed Foundation Extensions */ = {isa = PBXBuildFile; fileRef = 7A3574E82B2FFBA700FF5DB2 /* ShareExtension.appex */; settings = {ATTRIBUTES = (RemoveHeadersOnCopy, ); }; };
		7A3574F92B2FFBD500FF5DB2 /* SwiftSoup in Frameworks */ = {isa = PBXBuildFile; productRef = 7A3574F82B2FFBD500FF5DB2 /* SwiftSoup */; };
		7A3574FB2B2FFCFA00FF5DB2 /* FirstSharedView.swift in Sources */ = {isa = PBXBuildFile; fileRef = 7A3574FA2B2FFCFA00FF5DB2 /* FirstSharedView.swift */; };
		7A3574FD2B2FFD3400FF5DB2 /* SecondSharedView.swift in Sources */ = {isa = PBXBuildFile; fileRef = 7A3574FC2B2FFD3400FF5DB2 /* SecondSharedView.swift */; };
		7A3575002B2FFD6400FF5DB2 /* Card.swift in Sources */ = {isa = PBXBuildFile; fileRef = 7A3574FF2B2FFD6400FF5DB2 /* Card.swift */; };
		7A3575022B2FFD9D00FF5DB2 /* MainContainerView.swift in Sources */ = {isa = PBXBuildFile; fileRef = 7A3575012B2FFD9D00FF5DB2 /* MainContainerView.swift */; };
		7A3575042B2FFDC800FF5DB2 /* Tags.swift in Sources */ = {isa = PBXBuildFile; fileRef = 7A3575032B2FFDC800FF5DB2 /* Tags.swift */; };
		7A3575062B2FFDD800FF5DB2 /* Dummy.swift in Sources */ = {isa = PBXBuildFile; fileRef = 7A3575052B2FFDD800FF5DB2 /* Dummy.swift */; };
		7A3575092B2FFE6400FF5DB2 /* CoreDataContainer.xcdatamodeld in Sources */ = {isa = PBXBuildFile; fileRef = 00CEBC982B2AC6B100A74BBF /* CoreDataContainer.xcdatamodeld */; };
		7A35750A2B2FFE6700FF5DB2 /* CoreDataManager.swift in Sources */ = {isa = PBXBuildFile; fileRef = 008DB1B22B2DA04F001F9064 /* CoreDataManager.swift */; };
		7A35750B2B2FFE6A00FF5DB2 /* UserEntity+CoreDataProperties.swift in Sources */ = {isa = PBXBuildFile; fileRef = 7D7D71B22B2EE93100746FCB /* UserEntity+CoreDataProperties.swift */; };
		7A35750C2B2FFE6E00FF5DB2 /* UserEntity+CoreDataClass.swift in Sources */ = {isa = PBXBuildFile; fileRef = 7D7D71B32B2EE93100746FCB /* UserEntity+CoreDataClass.swift */; };
		7A35750D2B2FFE7100FF5DB2 /* TagEntity+CoreDataProperties.swift in Sources */ = {isa = PBXBuildFile; fileRef = 7D7D71AD2B2EE93100746FCB /* TagEntity+CoreDataProperties.swift */; };
		7A35750E2B2FFE7400FF5DB2 /* TagEntity+CoreDataClass.swift in Sources */ = {isa = PBXBuildFile; fileRef = 7D7D71AF2B2EE93100746FCB /* TagEntity+CoreDataClass.swift */; };
		7A35750F2B2FFE7700FF5DB2 /* NotiLogEntity+CoreDataProperties.swift in Sources */ = {isa = PBXBuildFile; fileRef = 7D7D71B02B2EE93100746FCB /* NotiLogEntity+CoreDataProperties.swift */; };
		7A3575102B2FFE7900FF5DB2 /* NotiLogEntity+CoreDataClass.swift in Sources */ = {isa = PBXBuildFile; fileRef = 7D7D71AB2B2EE93100746FCB /* NotiLogEntity+CoreDataClass.swift */; };
		7A3575112B2FFE7C00FF5DB2 /* MemoEntity+CoreDataProperties.swift in Sources */ = {isa = PBXBuildFile; fileRef = 7D7D71AA2B2EE93100746FCB /* MemoEntity+CoreDataProperties.swift */; };
		7A3575122B2FFE7F00FF5DB2 /* MemoEntity+CoreDataClass.swift in Sources */ = {isa = PBXBuildFile; fileRef = 7D7D71AC2B2EE93100746FCB /* MemoEntity+CoreDataClass.swift */; };
		7A3575132B2FFE8100FF5DB2 /* AlarmPresetEntity+CoreDataProperties.swift in Sources */ = {isa = PBXBuildFile; fileRef = 7D7D71AE2B2EE93100746FCB /* AlarmPresetEntity+CoreDataProperties.swift */; };
		7A3575142B2FFE8300FF5DB2 /* AlarmPresetEntity+CoreDataClass.swift in Sources */ = {isa = PBXBuildFile; fileRef = 7D7D71B12B2EE93100746FCB /* AlarmPresetEntity+CoreDataClass.swift */; };
		7A3575152B2FFEB700FF5DB2 /* MemoViewModel.swift in Sources */ = {isa = PBXBuildFile; fileRef = 00133EB92B2451530035AB70 /* MemoViewModel.swift */; };
		7A3575162B3005DD00FF5DB2 /* AlarmPresetViewModel.swift in Sources */ = {isa = PBXBuildFile; fileRef = 00133EBA2B2451530035AB70 /* AlarmPresetViewModel.swift */; };
		7A3575172B3005EE00FF5DB2 /* AlarmPreset.swift in Sources */ = {isa = PBXBuildFile; fileRef = 7D8DE4BE2B1EB078004502FF /* AlarmPreset.swift */; };
		7A3575182B30064200FF5DB2 /* ViewComponents.swift in Sources */ = {isa = PBXBuildFile; fileRef = 00A73E0E2B0C583900B59084 /* ViewComponents.swift */; };
		7A3575192B3007A100FF5DB2 /* AddMemoViewModel.swift in Sources */ = {isa = PBXBuildFile; fileRef = 00A73DFA2B0C31D700B59084 /* AddMemoViewModel.swift */; };
		7A35751A2B3007A600FF5DB2 /* MemoDetailViewModel.swift in Sources */ = {isa = PBXBuildFile; fileRef = 7DF6B4D12B1B204800B64CC0 /* MemoDetailViewModel.swift */; };
		7A35751B2B3007B300FF5DB2 /* SettingTagViewModel.swift in Sources */ = {isa = PBXBuildFile; fileRef = 7D9AB3CD2B2295AE00B00C09 /* SettingTagViewModel.swift */; };
		7A35751C2B3007BF00FF5DB2 /* TagViewModel.swift in Sources */ = {isa = PBXBuildFile; fileRef = 008DB1B02B2D744C001F9064 /* TagViewModel.swift */; };
		7A35751D2B3007E600FF5DB2 /* SettingAlarmPresetView.swift in Sources */ = {isa = PBXBuildFile; fileRef = 00DBF6FB2B1F1FF1001EBCE3 /* SettingAlarmPresetView.swift */; };
		7A35751E2B3007F100FF5DB2 /* 2_Init_AddAlarmPresetView.swift in Sources */ = {isa = PBXBuildFile; fileRef = 00652D8F2B12E2DB004C3345 /* 2_Init_AddAlarmPresetView.swift */; };
		7A3575202B30109700FF5DB2 /* AddMemoView.swift in Sources */ = {isa = PBXBuildFile; fileRef = A82451EF2AFE69A600EB4F54 /* AddMemoView.swift */; };
		7A7F87832AEF559C00F14B11 /* CuckooApp.swift in Sources */ = {isa = PBXBuildFile; fileRef = 7A7F87822AEF559C00F14B11 /* CuckooApp.swift */; };
		7A7F87872AEF559D00F14B11 /* Assets.xcassets in Resources */ = {isa = PBXBuildFile; fileRef = 7A7F87862AEF559D00F14B11 /* Assets.xcassets */; };
		7A7F87942AEF559E00F14B11 /* CuckooTests.swift in Sources */ = {isa = PBXBuildFile; fileRef = 7A7F87932AEF559E00F14B11 /* CuckooTests.swift */; };
		7A7F879E2AEF559E00F14B11 /* CuckooUITests.swift in Sources */ = {isa = PBXBuildFile; fileRef = 7A7F879D2AEF559E00F14B11 /* CuckooUITests.swift */; };
		7A7F87A02AEF559E00F14B11 /* CuckooUITestsLaunchTests.swift in Sources */ = {isa = PBXBuildFile; fileRef = 7A7F879F2AEF559E00F14B11 /* CuckooUITestsLaunchTests.swift */; };
		7D7D71B42B2EE93100746FCB /* MemoEntity+CoreDataProperties.swift in Sources */ = {isa = PBXBuildFile; fileRef = 7D7D71AA2B2EE93100746FCB /* MemoEntity+CoreDataProperties.swift */; };
		7D7D71B52B2EE93100746FCB /* NotiLogEntity+CoreDataClass.swift in Sources */ = {isa = PBXBuildFile; fileRef = 7D7D71AB2B2EE93100746FCB /* NotiLogEntity+CoreDataClass.swift */; };
		7D7D71B62B2EE93100746FCB /* MemoEntity+CoreDataClass.swift in Sources */ = {isa = PBXBuildFile; fileRef = 7D7D71AC2B2EE93100746FCB /* MemoEntity+CoreDataClass.swift */; };
		7D7D71B72B2EE93100746FCB /* TagEntity+CoreDataProperties.swift in Sources */ = {isa = PBXBuildFile; fileRef = 7D7D71AD2B2EE93100746FCB /* TagEntity+CoreDataProperties.swift */; };
		7D7D71B82B2EE93100746FCB /* AlarmPresetEntity+CoreDataProperties.swift in Sources */ = {isa = PBXBuildFile; fileRef = 7D7D71AE2B2EE93100746FCB /* AlarmPresetEntity+CoreDataProperties.swift */; };
		7D7D71B92B2EE93100746FCB /* TagEntity+CoreDataClass.swift in Sources */ = {isa = PBXBuildFile; fileRef = 7D7D71AF2B2EE93100746FCB /* TagEntity+CoreDataClass.swift */; };
		7D7D71BA2B2EE93100746FCB /* NotiLogEntity+CoreDataProperties.swift in Sources */ = {isa = PBXBuildFile; fileRef = 7D7D71B02B2EE93100746FCB /* NotiLogEntity+CoreDataProperties.swift */; };
		7D7D71BB2B2EE93100746FCB /* AlarmPresetEntity+CoreDataClass.swift in Sources */ = {isa = PBXBuildFile; fileRef = 7D7D71B12B2EE93100746FCB /* AlarmPresetEntity+CoreDataClass.swift */; };
		7D7D71BC2B2EE93100746FCB /* UserEntity+CoreDataProperties.swift in Sources */ = {isa = PBXBuildFile; fileRef = 7D7D71B22B2EE93100746FCB /* UserEntity+CoreDataProperties.swift */; };
		7D7D71BD2B2EE93100746FCB /* UserEntity+CoreDataClass.swift in Sources */ = {isa = PBXBuildFile; fileRef = 7D7D71B32B2EE93100746FCB /* UserEntity+CoreDataClass.swift */; };
		7D8DE4BD2B1EAF95004502FF /* MemoTag.swift in Sources */ = {isa = PBXBuildFile; fileRef = 7D8DE4BC2B1EAF95004502FF /* MemoTag.swift */; };
		7D8DE4BF2B1EB078004502FF /* AlarmPreset.swift in Sources */ = {isa = PBXBuildFile; fileRef = 7D8DE4BE2B1EB078004502FF /* AlarmPreset.swift */; };
		7D8DE4C12B1EB0A6004502FF /* NotificationLog.swift in Sources */ = {isa = PBXBuildFile; fileRef = 7D8DE4C02B1EB0A6004502FF /* NotificationLog.swift */; };
		7D9AB3CE2B2295AE00B00C09 /* SettingTagViewModel.swift in Sources */ = {isa = PBXBuildFile; fileRef = 7D9AB3CD2B2295AE00B00C09 /* SettingTagViewModel.swift */; };
		7DF6B4D22B1B204800B64CC0 /* MemoDetailViewModel.swift in Sources */ = {isa = PBXBuildFile; fileRef = 7DF6B4D12B1B204800B64CC0 /* MemoDetailViewModel.swift */; };
		7DF6B4D42B1B26E800B64CC0 /* MainContainerViewModel.swift in Sources */ = {isa = PBXBuildFile; fileRef = 7DF6B4D32B1B26E800B64CC0 /* MainContainerViewModel.swift */; };
		A82451F02AFE69A600EB4F54 /* AddMemoView.swift in Sources */ = {isa = PBXBuildFile; fileRef = A82451EF2AFE69A600EB4F54 /* AddMemoView.swift */; };
		A84350DE2B2369B5006CDD60 /* MemoDummy.swift in Sources */ = {isa = PBXBuildFile; fileRef = A84350DD2B2369B5006CDD60 /* MemoDummy.swift */; };
		A8BC238F2AFA013B00A2F87F /* MainContainerView.swift in Sources */ = {isa = PBXBuildFile; fileRef = A8BC238E2AFA013B00A2F87F /* MainContainerView.swift */; };
		A8BC23912AFA014B00A2F87F /* MainView.swift in Sources */ = {isa = PBXBuildFile; fileRef = A8BC23902AFA014B00A2F87F /* MainView.swift */; };
/* End PBXBuildFile section */

/* Begin PBXContainerItemProxy section */
		7A3574F02B2FFBA700FF5DB2 /* PBXContainerItemProxy */ = {
			isa = PBXContainerItemProxy;
			containerPortal = 7A7F87772AEF559C00F14B11 /* Project object */;
			proxyType = 1;
			remoteGlobalIDString = 7A3574E72B2FFBA700FF5DB2;
			remoteInfo = ShareExtension;
		};
		7A7F87902AEF559E00F14B11 /* PBXContainerItemProxy */ = {
			isa = PBXContainerItemProxy;
			containerPortal = 7A7F87772AEF559C00F14B11 /* Project object */;
			proxyType = 1;
			remoteGlobalIDString = 7A7F877E2AEF559C00F14B11;
			remoteInfo = Cuckoo;
		};
		7A7F879A2AEF559E00F14B11 /* PBXContainerItemProxy */ = {
			isa = PBXContainerItemProxy;
			containerPortal = 7A7F87772AEF559C00F14B11 /* Project object */;
			proxyType = 1;
			remoteGlobalIDString = 7A7F877E2AEF559C00F14B11;
			remoteInfo = Cuckoo;
		};
/* End PBXContainerItemProxy section */

/* Begin PBXCopyFilesBuildPhase section */
		7A3574F62B2FFBA800FF5DB2 /* Embed Foundation Extensions */ = {
			isa = PBXCopyFilesBuildPhase;
			buildActionMask = 2147483647;
			dstPath = "";
			dstSubfolderSpec = 13;
			files = (
				7A3574F22B2FFBA700FF5DB2 /* ShareExtension.appex in Embed Foundation Extensions */,
			);
			name = "Embed Foundation Extensions";
			runOnlyForDeploymentPostprocessing = 0;
		};
/* End PBXCopyFilesBuildPhase section */

/* Begin PBXFileReference section */
		00133EB12B24128E0035AB70 /* UserProfileViewModel.swift */ = {isa = PBXFileReference; lastKnownFileType = sourcecode.swift; path = UserProfileViewModel.swift; sourceTree = "<group>"; };
		00133EB92B2451530035AB70 /* MemoViewModel.swift */ = {isa = PBXFileReference; fileEncoding = 4; lastKnownFileType = sourcecode.swift; path = MemoViewModel.swift; sourceTree = "<group>"; };
		00133EBA2B2451530035AB70 /* AlarmPresetViewModel.swift */ = {isa = PBXFileReference; fileEncoding = 4; lastKnownFileType = sourcecode.swift; path = AlarmPresetViewModel.swift; sourceTree = "<group>"; };
		00133EBD2B2456EF0035AB70 /* Info.plist */ = {isa = PBXFileReference; lastKnownFileType = text.plist; path = Info.plist; sourceTree = "<group>"; };
		0022CB222B1FA9A900EC6A66 /* NotificationLogView.swift */ = {isa = PBXFileReference; lastKnownFileType = sourcecode.swift; path = NotificationLogView.swift; sourceTree = "<group>"; };
		0056C0232B2EB8FA001148AD /* NotificationLogViewModel.swift */ = {isa = PBXFileReference; lastKnownFileType = sourcecode.swift; path = NotificationLogViewModel.swift; sourceTree = "<group>"; };
		00652D8F2B12E2DB004C3345 /* 2_Init_AddAlarmPresetView.swift */ = {isa = PBXFileReference; lastKnownFileType = sourcecode.swift; path = 2_Init_AddAlarmPresetView.swift; sourceTree = "<group>"; };
		00652D912B12FA1A004C3345 /* 3_Init_AddInfoConfirmView.swift */ = {isa = PBXFileReference; lastKnownFileType = sourcecode.swift; path = 3_Init_AddInfoConfirmView.swift; sourceTree = "<group>"; };
		00652D932B143E51004C3345 /* MemoDetailView.swift */ = {isa = PBXFileReference; lastKnownFileType = sourcecode.swift; path = MemoDetailView.swift; sourceTree = "<group>"; };
		00652D952B143E70004C3345 /* SettingTagView.swift */ = {isa = PBXFileReference; lastKnownFileType = sourcecode.swift; path = SettingTagView.swift; sourceTree = "<group>"; };
		00652D972B143E84004C3345 /* SettingView.swift */ = {isa = PBXFileReference; lastKnownFileType = sourcecode.swift; path = SettingView.swift; sourceTree = "<group>"; };
		00652D9B2B143FAE004C3345 /* SettingProfileView.swift */ = {isa = PBXFileReference; lastKnownFileType = sourcecode.swift; path = SettingProfileView.swift; sourceTree = "<group>"; };
		00652D9F2B1440BC004C3345 /* Dummy.swift */ = {isa = PBXFileReference; lastKnownFileType = sourcecode.swift; path = Dummy.swift; sourceTree = "<group>"; };
		00652DA12B1443AB004C3345 /* functions.swift */ = {isa = PBXFileReference; lastKnownFileType = sourcecode.swift; path = functions.swift; sourceTree = "<group>"; };
		008DB1B02B2D744C001F9064 /* TagViewModel.swift */ = {isa = PBXFileReference; lastKnownFileType = sourcecode.swift; path = TagViewModel.swift; sourceTree = "<group>"; };
		008DB1B22B2DA04F001F9064 /* CoreDataManager.swift */ = {isa = PBXFileReference; lastKnownFileType = sourcecode.swift; path = CoreDataManager.swift; sourceTree = "<group>"; };
		00A73DFA2B0C31D700B59084 /* AddMemoViewModel.swift */ = {isa = PBXFileReference; lastKnownFileType = sourcecode.swift; path = AddMemoViewModel.swift; sourceTree = "<group>"; };
		00A73DFC2B0C323800B59084 /* Memo.swift */ = {isa = PBXFileReference; lastKnownFileType = sourcecode.swift; path = Memo.swift; sourceTree = "<group>"; };
		00A73DFE2B0C324200B59084 /* User.swift */ = {isa = PBXFileReference; lastKnownFileType = sourcecode.swift; path = User.swift; sourceTree = "<group>"; };
		00A73E002B0C35D300B59084 /* Tag.swift */ = {isa = PBXFileReference; lastKnownFileType = sourcecode.swift; path = Tag.swift; sourceTree = "<group>"; };
		00A73E0A2B0C40B700B59084 /* 1_Init_AddNameAndTagView.swift */ = {isa = PBXFileReference; lastKnownFileType = sourcecode.swift; path = 1_Init_AddNameAndTagView.swift; sourceTree = "<group>"; };
		00A73E0E2B0C583900B59084 /* ViewComponents.swift */ = {isa = PBXFileReference; lastKnownFileType = sourcecode.swift; path = ViewComponents.swift; sourceTree = "<group>"; };
		00CEBC992B2AC6B100A74BBF /* CoreDataContainer.xcdatamodel */ = {isa = PBXFileReference; lastKnownFileType = wrapper.xcdatamodel; path = CoreDataContainer.xcdatamodel; sourceTree = "<group>"; };
		00DBF6FB2B1F1FF1001EBCE3 /* SettingAlarmPresetView.swift */ = {isa = PBXFileReference; fileEncoding = 4; lastKnownFileType = sourcecode.swift; path = SettingAlarmPresetView.swift; sourceTree = "<group>"; };
		7A0601A52B26AD6700055EBB /* LocalNotification.swift */ = {isa = PBXFileReference; lastKnownFileType = sourcecode.swift; path = LocalNotification.swift; sourceTree = "<group>"; };
		7A3574E82B2FFBA700FF5DB2 /* ShareExtension.appex */ = {isa = PBXFileReference; explicitFileType = "wrapper.app-extension"; includeInIndex = 0; path = ShareExtension.appex; sourceTree = BUILT_PRODUCTS_DIR; };
		7A3574EA2B2FFBA700FF5DB2 /* ShareViewController.swift */ = {isa = PBXFileReference; lastKnownFileType = sourcecode.swift; path = ShareViewController.swift; sourceTree = "<group>"; };
		7A3574ED2B2FFBA700FF5DB2 /* Base */ = {isa = PBXFileReference; lastKnownFileType = file.storyboard; name = Base; path = Base.lproj/MainInterface.storyboard; sourceTree = "<group>"; };
		7A3574EF2B2FFBA700FF5DB2 /* Info.plist */ = {isa = PBXFileReference; lastKnownFileType = text.plist.xml; path = Info.plist; sourceTree = "<group>"; };
		7A3574FA2B2FFCFA00FF5DB2 /* FirstSharedView.swift */ = {isa = PBXFileReference; lastKnownFileType = sourcecode.swift; path = FirstSharedView.swift; sourceTree = "<group>"; };
		7A3574FC2B2FFD3400FF5DB2 /* SecondSharedView.swift */ = {isa = PBXFileReference; lastKnownFileType = sourcecode.swift; path = SecondSharedView.swift; sourceTree = "<group>"; };
		7A3574FF2B2FFD6400FF5DB2 /* Card.swift */ = {isa = PBXFileReference; lastKnownFileType = sourcecode.swift; path = Card.swift; sourceTree = "<group>"; };
		7A3575012B2FFD9D00FF5DB2 /* MainContainerView.swift */ = {isa = PBXFileReference; lastKnownFileType = sourcecode.swift; path = MainContainerView.swift; sourceTree = "<group>"; };
		7A3575032B2FFDC800FF5DB2 /* Tags.swift */ = {isa = PBXFileReference; lastKnownFileType = sourcecode.swift; path = Tags.swift; sourceTree = "<group>"; };
		7A3575052B2FFDD800FF5DB2 /* Dummy.swift */ = {isa = PBXFileReference; lastKnownFileType = sourcecode.swift; path = Dummy.swift; sourceTree = "<group>"; };
		7A3575072B2FFE1400FF5DB2 /* preset.swift */ = {isa = PBXFileReference; lastKnownFileType = sourcecode.swift; path = preset.swift; sourceTree = "<group>"; };
		7A7F877F2AEF559C00F14B11 /* Cuckoo.app */ = {isa = PBXFileReference; explicitFileType = wrapper.application; includeInIndex = 0; path = Cuckoo.app; sourceTree = BUILT_PRODUCTS_DIR; };
		7A7F87822AEF559C00F14B11 /* CuckooApp.swift */ = {isa = PBXFileReference; lastKnownFileType = sourcecode.swift; path = CuckooApp.swift; sourceTree = "<group>"; };
		7A7F87862AEF559D00F14B11 /* Assets.xcassets */ = {isa = PBXFileReference; lastKnownFileType = folder.assetcatalog; path = Assets.xcassets; sourceTree = "<group>"; };
		7A7F87892AEF559D00F14B11 /* Preview Assets.xcassets */ = {isa = PBXFileReference; lastKnownFileType = folder.assetcatalog; path = "Preview Assets.xcassets"; sourceTree = "<group>"; };
		7A7F878F2AEF559E00F14B11 /* CuckooTests.xctest */ = {isa = PBXFileReference; explicitFileType = wrapper.cfbundle; includeInIndex = 0; path = CuckooTests.xctest; sourceTree = BUILT_PRODUCTS_DIR; };
		7A7F87932AEF559E00F14B11 /* CuckooTests.swift */ = {isa = PBXFileReference; lastKnownFileType = sourcecode.swift; path = CuckooTests.swift; sourceTree = "<group>"; };
		7A7F87992AEF559E00F14B11 /* CuckooUITests.xctest */ = {isa = PBXFileReference; explicitFileType = wrapper.cfbundle; includeInIndex = 0; path = CuckooUITests.xctest; sourceTree = BUILT_PRODUCTS_DIR; };
		7A7F879D2AEF559E00F14B11 /* CuckooUITests.swift */ = {isa = PBXFileReference; lastKnownFileType = sourcecode.swift; path = CuckooUITests.swift; sourceTree = "<group>"; };
		7A7F879F2AEF559E00F14B11 /* CuckooUITestsLaunchTests.swift */ = {isa = PBXFileReference; lastKnownFileType = sourcecode.swift; path = CuckooUITestsLaunchTests.swift; sourceTree = "<group>"; };
		7D7D71AA2B2EE93100746FCB /* MemoEntity+CoreDataProperties.swift */ = {isa = PBXFileReference; fileEncoding = 4; lastKnownFileType = sourcecode.swift; path = "MemoEntity+CoreDataProperties.swift"; sourceTree = "<group>"; };
		7D7D71AB2B2EE93100746FCB /* NotiLogEntity+CoreDataClass.swift */ = {isa = PBXFileReference; fileEncoding = 4; lastKnownFileType = sourcecode.swift; path = "NotiLogEntity+CoreDataClass.swift"; sourceTree = "<group>"; };
		7D7D71AC2B2EE93100746FCB /* MemoEntity+CoreDataClass.swift */ = {isa = PBXFileReference; fileEncoding = 4; lastKnownFileType = sourcecode.swift; path = "MemoEntity+CoreDataClass.swift"; sourceTree = "<group>"; };
		7D7D71AD2B2EE93100746FCB /* TagEntity+CoreDataProperties.swift */ = {isa = PBXFileReference; fileEncoding = 4; lastKnownFileType = sourcecode.swift; path = "TagEntity+CoreDataProperties.swift"; sourceTree = "<group>"; };
		7D7D71AE2B2EE93100746FCB /* AlarmPresetEntity+CoreDataProperties.swift */ = {isa = PBXFileReference; fileEncoding = 4; lastKnownFileType = sourcecode.swift; path = "AlarmPresetEntity+CoreDataProperties.swift"; sourceTree = "<group>"; };
		7D7D71AF2B2EE93100746FCB /* TagEntity+CoreDataClass.swift */ = {isa = PBXFileReference; fileEncoding = 4; lastKnownFileType = sourcecode.swift; path = "TagEntity+CoreDataClass.swift"; sourceTree = "<group>"; };
		7D7D71B02B2EE93100746FCB /* NotiLogEntity+CoreDataProperties.swift */ = {isa = PBXFileReference; fileEncoding = 4; lastKnownFileType = sourcecode.swift; path = "NotiLogEntity+CoreDataProperties.swift"; sourceTree = "<group>"; };
		7D7D71B12B2EE93100746FCB /* AlarmPresetEntity+CoreDataClass.swift */ = {isa = PBXFileReference; fileEncoding = 4; lastKnownFileType = sourcecode.swift; path = "AlarmPresetEntity+CoreDataClass.swift"; sourceTree = "<group>"; };
		7D7D71B22B2EE93100746FCB /* UserEntity+CoreDataProperties.swift */ = {isa = PBXFileReference; fileEncoding = 4; lastKnownFileType = sourcecode.swift; path = "UserEntity+CoreDataProperties.swift"; sourceTree = "<group>"; };
		7D7D71B32B2EE93100746FCB /* UserEntity+CoreDataClass.swift */ = {isa = PBXFileReference; fileEncoding = 4; lastKnownFileType = sourcecode.swift; path = "UserEntity+CoreDataClass.swift"; sourceTree = "<group>"; };
		7D8DE4BC2B1EAF95004502FF /* MemoTag.swift */ = {isa = PBXFileReference; lastKnownFileType = sourcecode.swift; path = MemoTag.swift; sourceTree = "<group>"; };
		7D8DE4BE2B1EB078004502FF /* AlarmPreset.swift */ = {isa = PBXFileReference; lastKnownFileType = sourcecode.swift; path = AlarmPreset.swift; sourceTree = "<group>"; };
		7D8DE4C02B1EB0A6004502FF /* NotificationLog.swift */ = {isa = PBXFileReference; lastKnownFileType = sourcecode.swift; path = NotificationLog.swift; sourceTree = "<group>"; };
		7D9AB3CD2B2295AE00B00C09 /* SettingTagViewModel.swift */ = {isa = PBXFileReference; lastKnownFileType = sourcecode.swift; path = SettingTagViewModel.swift; sourceTree = "<group>"; };
		7DF6B4D12B1B204800B64CC0 /* MemoDetailViewModel.swift */ = {isa = PBXFileReference; lastKnownFileType = sourcecode.swift; path = MemoDetailViewModel.swift; sourceTree = "<group>"; };
		7DF6B4D32B1B26E800B64CC0 /* MainContainerViewModel.swift */ = {isa = PBXFileReference; lastKnownFileType = sourcecode.swift; path = MainContainerViewModel.swift; sourceTree = "<group>"; };
		A82451EF2AFE69A600EB4F54 /* AddMemoView.swift */ = {isa = PBXFileReference; lastKnownFileType = sourcecode.swift; path = AddMemoView.swift; sourceTree = "<group>"; };
		A84350DD2B2369B5006CDD60 /* MemoDummy.swift */ = {isa = PBXFileReference; lastKnownFileType = sourcecode.swift; path = MemoDummy.swift; sourceTree = "<group>"; };
		A8BC238E2AFA013B00A2F87F /* MainContainerView.swift */ = {isa = PBXFileReference; lastKnownFileType = sourcecode.swift; path = MainContainerView.swift; sourceTree = "<group>"; };
		A8BC23902AFA014B00A2F87F /* MainView.swift */ = {isa = PBXFileReference; lastKnownFileType = sourcecode.swift; path = MainView.swift; sourceTree = "<group>"; };
/* End PBXFileReference section */

/* Begin PBXFrameworksBuildPhase section */
		7A3574E52B2FFBA700FF5DB2 /* Frameworks */ = {
			isa = PBXFrameworksBuildPhase;
			buildActionMask = 2147483647;
			files = (
				7A3574F92B2FFBD500FF5DB2 /* SwiftSoup in Frameworks */,
			);
			runOnlyForDeploymentPostprocessing = 0;
		};
		7A7F877C2AEF559C00F14B11 /* Frameworks */ = {
			isa = PBXFrameworksBuildPhase;
			buildActionMask = 2147483647;
			files = (
				007BF25B2B2FF78E00B121CE /* SwiftSoup in Frameworks */,
			);
			runOnlyForDeploymentPostprocessing = 0;
		};
		7A7F878C2AEF559E00F14B11 /* Frameworks */ = {
			isa = PBXFrameworksBuildPhase;
			buildActionMask = 2147483647;
			files = (
			);
			runOnlyForDeploymentPostprocessing = 0;
		};
		7A7F87962AEF559E00F14B11 /* Frameworks */ = {
			isa = PBXFrameworksBuildPhase;
			buildActionMask = 2147483647;
			files = (
			);
			runOnlyForDeploymentPostprocessing = 0;
		};
/* End PBXFrameworksBuildPhase section */

/* Begin PBXGroup section */
		00652D9D2B144047004C3345 /* SettingViews */ = {
			isa = PBXGroup;
			children = (
				00DBF6FB2B1F1FF1001EBCE3 /* SettingAlarmPresetView.swift */,
				00652D952B143E70004C3345 /* SettingTagView.swift */,
				00652D972B143E84004C3345 /* SettingView.swift */,
				00652D9B2B143FAE004C3345 /* SettingProfileView.swift */,
			);
			path = SettingViews;
			sourceTree = "<group>";
		};
		00652D9E2B14408B004C3345 /* Components */ = {
			isa = PBXGroup;
			children = (
				00A73E0E2B0C583900B59084 /* ViewComponents.swift */,
				00652D9F2B1440BC004C3345 /* Dummy.swift */,
				00652DA12B1443AB004C3345 /* functions.swift */,
				A84350DD2B2369B5006CDD60 /* MemoDummy.swift */,
			);
			path = Components;
			sourceTree = "<group>";
		};
		00A73DF72B0C301200B59084 /* Views */ = {
			isa = PBXGroup;
			children = (
				00652D9E2B14408B004C3345 /* Components */,
				00652D9D2B144047004C3345 /* SettingViews */,
				00A73E0C2B0C519100B59084 /* InitialViews */,
				A8BC23902AFA014B00A2F87F /* MainView.swift */,
				A82451EF2AFE69A600EB4F54 /* AddMemoView.swift */,
				A8BC238E2AFA013B00A2F87F /* MainContainerView.swift */,
				00652D932B143E51004C3345 /* MemoDetailView.swift */,
				0022CB222B1FA9A900EC6A66 /* NotificationLogView.swift */,
			);
			path = Views;
			sourceTree = "<group>";
		};
		00A73DF82B0C318600B59084 /* ViewModels */ = {
			isa = PBXGroup;
			children = (
				00133EBA2B2451530035AB70 /* AlarmPresetViewModel.swift */,
				00133EB92B2451530035AB70 /* MemoViewModel.swift */,
				00A73DFA2B0C31D700B59084 /* AddMemoViewModel.swift */,
				7DF6B4D12B1B204800B64CC0 /* MemoDetailViewModel.swift */,
				7DF6B4D32B1B26E800B64CC0 /* MainContainerViewModel.swift */,
				7D9AB3CD2B2295AE00B00C09 /* SettingTagViewModel.swift */,
				00133EB12B24128E0035AB70 /* UserProfileViewModel.swift */,
				008DB1B02B2D744C001F9064 /* TagViewModel.swift */,
				0056C0232B2EB8FA001148AD /* NotificationLogViewModel.swift */,
			);
			path = ViewModels;
			sourceTree = "<group>";
		};
		00A73DF92B0C319800B59084 /* Models */ = {
			isa = PBXGroup;
			children = (
				00A73DFC2B0C323800B59084 /* Memo.swift */,
				00A73DFE2B0C324200B59084 /* User.swift */,
				00A73E002B0C35D300B59084 /* Tag.swift */,
				7D8DE4BC2B1EAF95004502FF /* MemoTag.swift */,
				7D8DE4BE2B1EB078004502FF /* AlarmPreset.swift */,
				7D8DE4C02B1EB0A6004502FF /* NotificationLog.swift */,
			);
			path = Models;
			sourceTree = "<group>";
		};
		00A73E0C2B0C519100B59084 /* InitialViews */ = {
			isa = PBXGroup;
			children = (
				00A73E0A2B0C40B700B59084 /* 1_Init_AddNameAndTagView.swift */,
				00652D8F2B12E2DB004C3345 /* 2_Init_AddAlarmPresetView.swift */,
				00652D912B12FA1A004C3345 /* 3_Init_AddInfoConfirmView.swift */,
			);
			path = InitialViews;
			sourceTree = "<group>";
		};
		00E286812B2AF0F1002D894E /* CoreData */ = {
			isa = PBXGroup;
			children = (
				7D7D71B12B2EE93100746FCB /* AlarmPresetEntity+CoreDataClass.swift */,
				7D7D71AE2B2EE93100746FCB /* AlarmPresetEntity+CoreDataProperties.swift */,
				7D7D71AC2B2EE93100746FCB /* MemoEntity+CoreDataClass.swift */,
				7D7D71AA2B2EE93100746FCB /* MemoEntity+CoreDataProperties.swift */,
				7D7D71AB2B2EE93100746FCB /* NotiLogEntity+CoreDataClass.swift */,
				7D7D71B02B2EE93100746FCB /* NotiLogEntity+CoreDataProperties.swift */,
				7D7D71AF2B2EE93100746FCB /* TagEntity+CoreDataClass.swift */,
				7D7D71AD2B2EE93100746FCB /* TagEntity+CoreDataProperties.swift */,
				7D7D71B32B2EE93100746FCB /* UserEntity+CoreDataClass.swift */,
				7D7D71B22B2EE93100746FCB /* UserEntity+CoreDataProperties.swift */,
				008DB1B22B2DA04F001F9064 /* CoreDataManager.swift */,
			);
			path = CoreData;
			sourceTree = "<group>";
		};
		7A0601A42B26AD4900055EBB /* Notification */ = {
			isa = PBXGroup;
			children = (
				7A0601A52B26AD6700055EBB /* LocalNotification.swift */,
			);
			path = Notification;
			sourceTree = "<group>";
		};
		7A3574E92B2FFBA700FF5DB2 /* ShareExtension */ = {
			isa = PBXGroup;
			children = (
				7A3574FE2B2FFD5700FF5DB2 /* SubViews */,
				7A3574EA2B2FFBA700FF5DB2 /* ShareViewController.swift */,
				7A3574EC2B2FFBA700FF5DB2 /* MainInterface.storyboard */,
				7A3574EF2B2FFBA700FF5DB2 /* Info.plist */,
				7A3574FA2B2FFCFA00FF5DB2 /* FirstSharedView.swift */,
				7A3574FC2B2FFD3400FF5DB2 /* SecondSharedView.swift */,
			);
			path = ShareExtension;
			sourceTree = "<group>";
		};
		7A3574F72B2FFBD500FF5DB2 /* Frameworks */ = {
			isa = PBXGroup;
			children = (
			);
			name = Frameworks;
			sourceTree = "<group>";
		};
		7A3574FE2B2FFD5700FF5DB2 /* SubViews */ = {
			isa = PBXGroup;
			children = (
				7A3574FF2B2FFD6400FF5DB2 /* Card.swift */,
				7A3575012B2FFD9D00FF5DB2 /* MainContainerView.swift */,
				7A3575032B2FFDC800FF5DB2 /* Tags.swift */,
				7A3575052B2FFDD800FF5DB2 /* Dummy.swift */,
				7A3575072B2FFE1400FF5DB2 /* preset.swift */,
			);
			path = SubViews;
			sourceTree = "<group>";
		};
		7A7F87762AEF559C00F14B11 = {
			isa = PBXGroup;
			children = (
				7A7F87812AEF559C00F14B11 /* Cuckoo */,
				7A7F87922AEF559E00F14B11 /* CuckooTests */,
				7A7F879C2AEF559E00F14B11 /* CuckooUITests */,
				7A3574E92B2FFBA700FF5DB2 /* ShareExtension */,
				7A7F87802AEF559C00F14B11 /* Products */,
				7A3574F72B2FFBD500FF5DB2 /* Frameworks */,
			);
			sourceTree = "<group>";
		};
		7A7F87802AEF559C00F14B11 /* Products */ = {
			isa = PBXGroup;
			children = (
				7A7F877F2AEF559C00F14B11 /* Cuckoo.app */,
				7A7F878F2AEF559E00F14B11 /* CuckooTests.xctest */,
				7A7F87992AEF559E00F14B11 /* CuckooUITests.xctest */,
				7A3574E82B2FFBA700FF5DB2 /* ShareExtension.appex */,
			);
			name = Products;
			sourceTree = "<group>";
		};
		7A7F87812AEF559C00F14B11 /* Cuckoo */ = {
			isa = PBXGroup;
			children = (
				00E286812B2AF0F1002D894E /* CoreData */,
				00CEBC982B2AC6B100A74BBF /* CoreDataContainer.xcdatamodeld */,
				7A0601A42B26AD4900055EBB /* Notification */,
				00133EBD2B2456EF0035AB70 /* Info.plist */,
				00A73DF92B0C319800B59084 /* Models */,
				00A73DF82B0C318600B59084 /* ViewModels */,
				00A73DF72B0C301200B59084 /* Views */,
				7A7F87822AEF559C00F14B11 /* CuckooApp.swift */,
				7A7F87882AEF559D00F14B11 /* Preview Content */,
			);
			path = Cuckoo;
			sourceTree = "<group>";
		};
		7A7F87882AEF559D00F14B11 /* Preview Content */ = {
			isa = PBXGroup;
			children = (
				7A7F87892AEF559D00F14B11 /* Preview Assets.xcassets */,
			);
			path = "Preview Content";
			sourceTree = "<group>";
		};
		7A7F87922AEF559E00F14B11 /* CuckooTests */ = {
			isa = PBXGroup;
			children = (
				7A7F87862AEF559D00F14B11 /* Assets.xcassets */,
				7A7F87932AEF559E00F14B11 /* CuckooTests.swift */,
			);
			path = CuckooTests;
			sourceTree = "<group>";
		};
		7A7F879C2AEF559E00F14B11 /* CuckooUITests */ = {
			isa = PBXGroup;
			children = (
				7A7F879D2AEF559E00F14B11 /* CuckooUITests.swift */,
				7A7F879F2AEF559E00F14B11 /* CuckooUITestsLaunchTests.swift */,
			);
			path = CuckooUITests;
			sourceTree = "<group>";
		};
/* End PBXGroup section */

/* Begin PBXNativeTarget section */
		7A3574E72B2FFBA700FF5DB2 /* ShareExtension */ = {
			isa = PBXNativeTarget;
			buildConfigurationList = 7A3574F32B2FFBA800FF5DB2 /* Build configuration list for PBXNativeTarget "ShareExtension" */;
			buildPhases = (
				7A3574E42B2FFBA700FF5DB2 /* Sources */,
				7A3574E52B2FFBA700FF5DB2 /* Frameworks */,
				7A3574E62B2FFBA700FF5DB2 /* Resources */,
			);
			buildRules = (
			);
			dependencies = (
			);
			name = ShareExtension;
			packageProductDependencies = (
				7A3574F82B2FFBD500FF5DB2 /* SwiftSoup */,
			);
			productName = ShareExtension;
			productReference = 7A3574E82B2FFBA700FF5DB2 /* ShareExtension.appex */;
			productType = "com.apple.product-type.app-extension";
		};
		7A7F877E2AEF559C00F14B11 /* Cuckoo */ = {
			isa = PBXNativeTarget;
			buildConfigurationList = 7A7F87A32AEF559E00F14B11 /* Build configuration list for PBXNativeTarget "Cuckoo" */;
			buildPhases = (
				7A7F877B2AEF559C00F14B11 /* Sources */,
				7A7F877C2AEF559C00F14B11 /* Frameworks */,
				7A7F877D2AEF559C00F14B11 /* Resources */,
				7A3574F62B2FFBA800FF5DB2 /* Embed Foundation Extensions */,
			);
			buildRules = (
			);
			dependencies = (
				7A3574F12B2FFBA700FF5DB2 /* PBXTargetDependency */,
			);
			name = Cuckoo;
			packageProductDependencies = (
				007BF25A2B2FF78E00B121CE /* SwiftSoup */,
			);
			productName = Cuckoo;
			productReference = 7A7F877F2AEF559C00F14B11 /* Cuckoo.app */;
			productType = "com.apple.product-type.application";
		};
		7A7F878E2AEF559E00F14B11 /* CuckooTests */ = {
			isa = PBXNativeTarget;
			buildConfigurationList = 7A7F87A62AEF559E00F14B11 /* Build configuration list for PBXNativeTarget "CuckooTests" */;
			buildPhases = (
				7A7F878B2AEF559E00F14B11 /* Sources */,
				7A7F878C2AEF559E00F14B11 /* Frameworks */,
				7A7F878D2AEF559E00F14B11 /* Resources */,
			);
			buildRules = (
			);
			dependencies = (
				7A7F87912AEF559E00F14B11 /* PBXTargetDependency */,
			);
			name = CuckooTests;
			productName = CuckooTests;
			productReference = 7A7F878F2AEF559E00F14B11 /* CuckooTests.xctest */;
			productType = "com.apple.product-type.bundle.unit-test";
		};
		7A7F87982AEF559E00F14B11 /* CuckooUITests */ = {
			isa = PBXNativeTarget;
			buildConfigurationList = 7A7F87A92AEF559E00F14B11 /* Build configuration list for PBXNativeTarget "CuckooUITests" */;
			buildPhases = (
				7A7F87952AEF559E00F14B11 /* Sources */,
				7A7F87962AEF559E00F14B11 /* Frameworks */,
				7A7F87972AEF559E00F14B11 /* Resources */,
			);
			buildRules = (
			);
			dependencies = (
				7A7F879B2AEF559E00F14B11 /* PBXTargetDependency */,
			);
			name = CuckooUITests;
			productName = CuckooUITests;
			productReference = 7A7F87992AEF559E00F14B11 /* CuckooUITests.xctest */;
			productType = "com.apple.product-type.bundle.ui-testing";
		};
/* End PBXNativeTarget section */

/* Begin PBXProject section */
		7A7F87772AEF559C00F14B11 /* Project object */ = {
			isa = PBXProject;
			attributes = {
				BuildIndependentTargetsInParallel = 1;
				LastSwiftUpdateCheck = 1500;
				LastUpgradeCheck = 1500;
				TargetAttributes = {
					7A3574E72B2FFBA700FF5DB2 = {
						CreatedOnToolsVersion = 15.0;
					};
					7A7F877E2AEF559C00F14B11 = {
						CreatedOnToolsVersion = 15.0.1;
					};
					7A7F878E2AEF559E00F14B11 = {
						CreatedOnToolsVersion = 15.0.1;
						TestTargetID = 7A7F877E2AEF559C00F14B11;
					};
					7A7F87982AEF559E00F14B11 = {
						CreatedOnToolsVersion = 15.0.1;
						TestTargetID = 7A7F877E2AEF559C00F14B11;
					};
				};
			};
			buildConfigurationList = 7A7F877A2AEF559C00F14B11 /* Build configuration list for PBXProject "Cuckoo" */;
			compatibilityVersion = "Xcode 14.0";
			developmentRegion = en;
			hasScannedForEncodings = 0;
			knownRegions = (
				en,
				Base,
			);
			mainGroup = 7A7F87762AEF559C00F14B11;
			packageReferences = (
				007BF2592B2FF78E00B121CE /* XCRemoteSwiftPackageReference "SwiftSoup" */,
			);
			productRefGroup = 7A7F87802AEF559C00F14B11 /* Products */;
			projectDirPath = "";
			projectRoot = "";
			targets = (
				7A7F877E2AEF559C00F14B11 /* Cuckoo */,
				7A7F878E2AEF559E00F14B11 /* CuckooTests */,
				7A7F87982AEF559E00F14B11 /* CuckooUITests */,
				7A3574E72B2FFBA700FF5DB2 /* ShareExtension */,
			);
		};
/* End PBXProject section */

/* Begin PBXResourcesBuildPhase section */
		7A3574E62B2FFBA700FF5DB2 /* Resources */ = {
			isa = PBXResourcesBuildPhase;
			buildActionMask = 2147483647;
			files = (
				7A3574EE2B2FFBA700FF5DB2 /* MainInterface.storyboard in Resources */,
			);
			runOnlyForDeploymentPostprocessing = 0;
		};
		7A7F877D2AEF559C00F14B11 /* Resources */ = {
			isa = PBXResourcesBuildPhase;
			buildActionMask = 2147483647;
			files = (
				7A7F87872AEF559D00F14B11 /* Assets.xcassets in Resources */,
			);
			runOnlyForDeploymentPostprocessing = 0;
		};
		7A7F878D2AEF559E00F14B11 /* Resources */ = {
			isa = PBXResourcesBuildPhase;
			buildActionMask = 2147483647;
			files = (
			);
			runOnlyForDeploymentPostprocessing = 0;
		};
		7A7F87972AEF559E00F14B11 /* Resources */ = {
			isa = PBXResourcesBuildPhase;
			buildActionMask = 2147483647;
			files = (
			);
			runOnlyForDeploymentPostprocessing = 0;
		};
/* End PBXResourcesBuildPhase section */

/* Begin PBXSourcesBuildPhase section */
		7A3574E42B2FFBA700FF5DB2 /* Sources */ = {
			isa = PBXSourcesBuildPhase;
			buildActionMask = 2147483647;
			files = (
				7A3575022B2FFD9D00FF5DB2 /* MainContainerView.swift in Sources */,
				7A3575142B2FFE8300FF5DB2 /* AlarmPresetEntity+CoreDataClass.swift in Sources */,
				7A3575202B30109700FF5DB2 /* AddMemoView.swift in Sources */,
				7A35750C2B2FFE6E00FF5DB2 /* UserEntity+CoreDataClass.swift in Sources */,
				7A3575162B3005DD00FF5DB2 /* AlarmPresetViewModel.swift in Sources */,
				7A35751B2B3007B300FF5DB2 /* SettingTagViewModel.swift in Sources */,
				7A35750B2B2FFE6A00FF5DB2 /* UserEntity+CoreDataProperties.swift in Sources */,
				7A3574FB2B2FFCFA00FF5DB2 /* FirstSharedView.swift in Sources */,
				7A35750F2B2FFE7700FF5DB2 /* NotiLogEntity+CoreDataProperties.swift in Sources */,
				7A35751D2B3007E600FF5DB2 /* SettingAlarmPresetView.swift in Sources */,
				7A3575092B2FFE6400FF5DB2 /* CoreDataContainer.xcdatamodeld in Sources */,
				7A3575062B2FFDD800FF5DB2 /* Dummy.swift in Sources */,
				7A3575042B2FFDC800FF5DB2 /* Tags.swift in Sources */,
				7A3574EB2B2FFBA700FF5DB2 /* ShareViewController.swift in Sources */,
				7A35750E2B2FFE7400FF5DB2 /* TagEntity+CoreDataClass.swift in Sources */,
				7A3575102B2FFE7900FF5DB2 /* NotiLogEntity+CoreDataClass.swift in Sources */,
				7A35751A2B3007A600FF5DB2 /* MemoDetailViewModel.swift in Sources */,
				7A3575132B2FFE8100FF5DB2 /* AlarmPresetEntity+CoreDataProperties.swift in Sources */,
				7A3575182B30064200FF5DB2 /* ViewComponents.swift in Sources */,
				7A3575172B3005EE00FF5DB2 /* AlarmPreset.swift in Sources */,
				7A3575122B2FFE7F00FF5DB2 /* MemoEntity+CoreDataClass.swift in Sources */,
				7A3575152B2FFEB700FF5DB2 /* MemoViewModel.swift in Sources */,
				7A3574FD2B2FFD3400FF5DB2 /* SecondSharedView.swift in Sources */,
				7A35750D2B2FFE7100FF5DB2 /* TagEntity+CoreDataProperties.swift in Sources */,
				7A35751E2B3007F100FF5DB2 /* 2_Init_AddAlarmPresetView.swift in Sources */,
				7A3575192B3007A100FF5DB2 /* AddMemoViewModel.swift in Sources */,
				7A35751C2B3007BF00FF5DB2 /* TagViewModel.swift in Sources */,
				7A35750A2B2FFE6700FF5DB2 /* CoreDataManager.swift in Sources */,
				7A3575112B2FFE7C00FF5DB2 /* MemoEntity+CoreDataProperties.swift in Sources */,
				7A3575002B2FFD6400FF5DB2 /* Card.swift in Sources */,
			);
			runOnlyForDeploymentPostprocessing = 0;
		};
		7A7F877B2AEF559C00F14B11 /* Sources */ = {
			isa = PBXSourcesBuildPhase;
			buildActionMask = 2147483647;
			files = (
				7D7D71BB2B2EE93100746FCB /* AlarmPresetEntity+CoreDataClass.swift in Sources */,
				00A73E0F2B0C583900B59084 /* ViewComponents.swift in Sources */,
				7D7D71BC2B2EE93100746FCB /* UserEntity+CoreDataProperties.swift in Sources */,
				00652D922B12FA1A004C3345 /* 3_Init_AddInfoConfirmView.swift in Sources */,
				00652D982B143E84004C3345 /* SettingView.swift in Sources */,
				7D8DE4BD2B1EAF95004502FF /* MemoTag.swift in Sources */,
				7D7D71BA2B2EE93100746FCB /* NotiLogEntity+CoreDataProperties.swift in Sources */,
				7D7D71B92B2EE93100746FCB /* TagEntity+CoreDataClass.swift in Sources */,
				00A73E0B2B0C40B700B59084 /* 1_Init_AddNameAndTagView.swift in Sources */,
				7D7D71B62B2EE93100746FCB /* MemoEntity+CoreDataClass.swift in Sources */,
				00A73DFD2B0C323800B59084 /* Memo.swift in Sources */,
				7D7D71B52B2EE93100746FCB /* NotiLogEntity+CoreDataClass.swift in Sources */,
				7D7D71B72B2EE93100746FCB /* TagEntity+CoreDataProperties.swift in Sources */,
				7D9AB3CE2B2295AE00B00C09 /* SettingTagViewModel.swift in Sources */,
				008DB1B32B2DA04F001F9064 /* CoreDataManager.swift in Sources */,
				00A73E012B0C35D300B59084 /* Tag.swift in Sources */,
				00652D962B143E70004C3345 /* SettingTagView.swift in Sources */,
				7D7D71BD2B2EE93100746FCB /* UserEntity+CoreDataClass.swift in Sources */,
				A8BC23912AFA014B00A2F87F /* MainView.swift in Sources */,
				00652DA22B1443AB004C3345 /* functions.swift in Sources */,
				7DF6B4D22B1B204800B64CC0 /* MemoDetailViewModel.swift in Sources */,
				A82451F02AFE69A600EB4F54 /* AddMemoView.swift in Sources */,
				00A73DFB2B0C31D700B59084 /* AddMemoViewModel.swift in Sources */,
				00652D9C2B143FAE004C3345 /* SettingProfileView.swift in Sources */,
				7D8DE4C12B1EB0A6004502FF /* NotificationLog.swift in Sources */,
				0022CB232B1FA9A900EC6A66 /* NotificationLogView.swift in Sources */,
				0056C0242B2EB8FA001148AD /* NotificationLogViewModel.swift in Sources */,
				00133EB22B24128E0035AB70 /* UserProfileViewModel.swift in Sources */,
				A8BC238F2AFA013B00A2F87F /* MainContainerView.swift in Sources */,
				7D8DE4BF2B1EB078004502FF /* AlarmPreset.swift in Sources */,
				00133EBB2B2451530035AB70 /* MemoViewModel.swift in Sources */,
				00133EBC2B2451530035AB70 /* AlarmPresetViewModel.swift in Sources */,
				A84350DE2B2369B5006CDD60 /* MemoDummy.swift in Sources */,
				00652DA02B1440BC004C3345 /* Dummy.swift in Sources */,
				7D7D71B82B2EE93100746FCB /* AlarmPresetEntity+CoreDataProperties.swift in Sources */,
				00A73DFF2B0C324200B59084 /* User.swift in Sources */,
				00652D902B12E2DB004C3345 /* 2_Init_AddAlarmPresetView.swift in Sources */,
				00CEBC9A2B2AC6B100A74BBF /* CoreDataContainer.xcdatamodeld in Sources */,
				00652D942B143E51004C3345 /* MemoDetailView.swift in Sources */,
				008DB1B12B2D744C001F9064 /* TagViewModel.swift in Sources */,
				7A7F87832AEF559C00F14B11 /* CuckooApp.swift in Sources */,
				7D7D71B42B2EE93100746FCB /* MemoEntity+CoreDataProperties.swift in Sources */,
				7A0601A62B26AD6700055EBB /* LocalNotification.swift in Sources */,
				7DF6B4D42B1B26E800B64CC0 /* MainContainerViewModel.swift in Sources */,
				00DBF6FC2B1F1FF1001EBCE3 /* SettingAlarmPresetView.swift in Sources */,
			);
			runOnlyForDeploymentPostprocessing = 0;
		};
		7A7F878B2AEF559E00F14B11 /* Sources */ = {
			isa = PBXSourcesBuildPhase;
			buildActionMask = 2147483647;
			files = (
				7A7F87942AEF559E00F14B11 /* CuckooTests.swift in Sources */,
			);
			runOnlyForDeploymentPostprocessing = 0;
		};
		7A7F87952AEF559E00F14B11 /* Sources */ = {
			isa = PBXSourcesBuildPhase;
			buildActionMask = 2147483647;
			files = (
				7A7F87A02AEF559E00F14B11 /* CuckooUITestsLaunchTests.swift in Sources */,
				7A7F879E2AEF559E00F14B11 /* CuckooUITests.swift in Sources */,
			);
			runOnlyForDeploymentPostprocessing = 0;
		};
/* End PBXSourcesBuildPhase section */

/* Begin PBXTargetDependency section */
		7A3574F12B2FFBA700FF5DB2 /* PBXTargetDependency */ = {
			isa = PBXTargetDependency;
			target = 7A3574E72B2FFBA700FF5DB2 /* ShareExtension */;
			targetProxy = 7A3574F02B2FFBA700FF5DB2 /* PBXContainerItemProxy */;
		};
		7A7F87912AEF559E00F14B11 /* PBXTargetDependency */ = {
			isa = PBXTargetDependency;
			target = 7A7F877E2AEF559C00F14B11 /* Cuckoo */;
			targetProxy = 7A7F87902AEF559E00F14B11 /* PBXContainerItemProxy */;
		};
		7A7F879B2AEF559E00F14B11 /* PBXTargetDependency */ = {
			isa = PBXTargetDependency;
			target = 7A7F877E2AEF559C00F14B11 /* Cuckoo */;
			targetProxy = 7A7F879A2AEF559E00F14B11 /* PBXContainerItemProxy */;
		};
/* End PBXTargetDependency section */

/* Begin PBXVariantGroup section */
		7A3574EC2B2FFBA700FF5DB2 /* MainInterface.storyboard */ = {
			isa = PBXVariantGroup;
			children = (
				7A3574ED2B2FFBA700FF5DB2 /* Base */,
			);
			name = MainInterface.storyboard;
			sourceTree = "<group>";
		};
/* End PBXVariantGroup section */

/* Begin XCBuildConfiguration section */
		7A3574F42B2FFBA800FF5DB2 /* Debug */ = {
			isa = XCBuildConfiguration;
			buildSettings = {
				CODE_SIGN_STYLE = Automatic;
				CURRENT_PROJECT_VERSION = 1;
				DEVELOPMENT_TEAM = 4QG3GC35LA;
				GENERATE_INFOPLIST_FILE = YES;
				INFOPLIST_FILE = ShareExtension/Info.plist;
				INFOPLIST_KEY_CFBundleDisplayName = ShareExtension;
				INFOPLIST_KEY_NSHumanReadableCopyright = "";
				LD_RUNPATH_SEARCH_PATHS = (
					"$(inherited)",
					"@executable_path/Frameworks",
					"@executable_path/../../Frameworks",
				);
				MARKETING_VERSION = 1.0;
				PRODUCT_BUNDLE_IDENTIFIER = softwarestudio2.Cuckoo.ShareExtension;
				PRODUCT_NAME = "$(TARGET_NAME)";
				SKIP_INSTALL = YES;
				SWIFT_EMIT_LOC_STRINGS = YES;
				SWIFT_VERSION = 5.0;
				TARGETED_DEVICE_FAMILY = "1,2";
			};
			name = Debug;
		};
		7A3574F52B2FFBA800FF5DB2 /* Release */ = {
			isa = XCBuildConfiguration;
			buildSettings = {
				CODE_SIGN_STYLE = Automatic;
				CURRENT_PROJECT_VERSION = 1;
				DEVELOPMENT_TEAM = 4QG3GC35LA;
				GENERATE_INFOPLIST_FILE = YES;
				INFOPLIST_FILE = ShareExtension/Info.plist;
				INFOPLIST_KEY_CFBundleDisplayName = ShareExtension;
				INFOPLIST_KEY_NSHumanReadableCopyright = "";
				LD_RUNPATH_SEARCH_PATHS = (
					"$(inherited)",
					"@executable_path/Frameworks",
					"@executable_path/../../Frameworks",
				);
				MARKETING_VERSION = 1.0;
				PRODUCT_BUNDLE_IDENTIFIER = softwarestudio2.Cuckoo.ShareExtension;
				PRODUCT_NAME = "$(TARGET_NAME)";
				SKIP_INSTALL = YES;
				SWIFT_EMIT_LOC_STRINGS = YES;
				SWIFT_VERSION = 5.0;
				TARGETED_DEVICE_FAMILY = "1,2";
			};
			name = Release;
		};
		7A7F87A12AEF559E00F14B11 /* Debug */ = {
			isa = XCBuildConfiguration;
			buildSettings = {
				ALWAYS_SEARCH_USER_PATHS = NO;
				ASSETCATALOG_COMPILER_GENERATE_SWIFT_ASSET_SYMBOL_EXTENSIONS = YES;
				CLANG_ANALYZER_NONNULL = YES;
				CLANG_ANALYZER_NUMBER_OBJECT_CONVERSION = YES_AGGRESSIVE;
				CLANG_CXX_LANGUAGE_STANDARD = "gnu++20";
				CLANG_ENABLE_MODULES = YES;
				CLANG_ENABLE_OBJC_ARC = YES;
				CLANG_ENABLE_OBJC_WEAK = YES;
				CLANG_WARN_BLOCK_CAPTURE_AUTORELEASING = YES;
				CLANG_WARN_BOOL_CONVERSION = YES;
				CLANG_WARN_COMMA = YES;
				CLANG_WARN_CONSTANT_CONVERSION = YES;
				CLANG_WARN_DEPRECATED_OBJC_IMPLEMENTATIONS = YES;
				CLANG_WARN_DIRECT_OBJC_ISA_USAGE = YES_ERROR;
				CLANG_WARN_DOCUMENTATION_COMMENTS = YES;
				CLANG_WARN_EMPTY_BODY = YES;
				CLANG_WARN_ENUM_CONVERSION = YES;
				CLANG_WARN_INFINITE_RECURSION = YES;
				CLANG_WARN_INT_CONVERSION = YES;
				CLANG_WARN_NON_LITERAL_NULL_CONVERSION = YES;
				CLANG_WARN_OBJC_IMPLICIT_RETAIN_SELF = YES;
				CLANG_WARN_OBJC_LITERAL_CONVERSION = YES;
				CLANG_WARN_OBJC_ROOT_CLASS = YES_ERROR;
				CLANG_WARN_QUOTED_INCLUDE_IN_FRAMEWORK_HEADER = YES;
				CLANG_WARN_RANGE_LOOP_ANALYSIS = YES;
				CLANG_WARN_STRICT_PROTOTYPES = YES;
				CLANG_WARN_SUSPICIOUS_MOVE = YES;
				CLANG_WARN_UNGUARDED_AVAILABILITY = YES_AGGRESSIVE;
				CLANG_WARN_UNREACHABLE_CODE = YES;
				CLANG_WARN__DUPLICATE_METHOD_MATCH = YES;
				COPY_PHASE_STRIP = NO;
				DEBUG_INFORMATION_FORMAT = dwarf;
				ENABLE_STRICT_OBJC_MSGSEND = YES;
				ENABLE_TESTABILITY = YES;
				ENABLE_USER_SCRIPT_SANDBOXING = YES;
				GCC_C_LANGUAGE_STANDARD = gnu17;
				GCC_DYNAMIC_NO_PIC = NO;
				GCC_NO_COMMON_BLOCKS = YES;
				GCC_OPTIMIZATION_LEVEL = 0;
				GCC_PREPROCESSOR_DEFINITIONS = (
					"DEBUG=1",
					"$(inherited)",
				);
				GCC_WARN_64_TO_32_BIT_CONVERSION = YES;
				GCC_WARN_ABOUT_RETURN_TYPE = YES_ERROR;
				GCC_WARN_UNDECLARED_SELECTOR = YES;
				GCC_WARN_UNINITIALIZED_AUTOS = YES_AGGRESSIVE;
				GCC_WARN_UNUSED_FUNCTION = YES;
				GCC_WARN_UNUSED_VARIABLE = YES;
				IPHONEOS_DEPLOYMENT_TARGET = 17.0;
				LOCALIZATION_PREFERS_STRING_CATALOGS = YES;
				MTL_ENABLE_DEBUG_INFO = INCLUDE_SOURCE;
				MTL_FAST_MATH = YES;
				ONLY_ACTIVE_ARCH = YES;
				SDKROOT = iphoneos;
				SWIFT_ACTIVE_COMPILATION_CONDITIONS = "DEBUG $(inherited)";
				SWIFT_OPTIMIZATION_LEVEL = "-Onone";
				q = "";
			};
			name = Debug;
		};
		7A7F87A22AEF559E00F14B11 /* Release */ = {
			isa = XCBuildConfiguration;
			buildSettings = {
				ALWAYS_SEARCH_USER_PATHS = NO;
				ASSETCATALOG_COMPILER_GENERATE_SWIFT_ASSET_SYMBOL_EXTENSIONS = YES;
				CLANG_ANALYZER_NONNULL = YES;
				CLANG_ANALYZER_NUMBER_OBJECT_CONVERSION = YES_AGGRESSIVE;
				CLANG_CXX_LANGUAGE_STANDARD = "gnu++20";
				CLANG_ENABLE_MODULES = YES;
				CLANG_ENABLE_OBJC_ARC = YES;
				CLANG_ENABLE_OBJC_WEAK = YES;
				CLANG_WARN_BLOCK_CAPTURE_AUTORELEASING = YES;
				CLANG_WARN_BOOL_CONVERSION = YES;
				CLANG_WARN_COMMA = YES;
				CLANG_WARN_CONSTANT_CONVERSION = YES;
				CLANG_WARN_DEPRECATED_OBJC_IMPLEMENTATIONS = YES;
				CLANG_WARN_DIRECT_OBJC_ISA_USAGE = YES_ERROR;
				CLANG_WARN_DOCUMENTATION_COMMENTS = YES;
				CLANG_WARN_EMPTY_BODY = YES;
				CLANG_WARN_ENUM_CONVERSION = YES;
				CLANG_WARN_INFINITE_RECURSION = YES;
				CLANG_WARN_INT_CONVERSION = YES;
				CLANG_WARN_NON_LITERAL_NULL_CONVERSION = YES;
				CLANG_WARN_OBJC_IMPLICIT_RETAIN_SELF = YES;
				CLANG_WARN_OBJC_LITERAL_CONVERSION = YES;
				CLANG_WARN_OBJC_ROOT_CLASS = YES_ERROR;
				CLANG_WARN_QUOTED_INCLUDE_IN_FRAMEWORK_HEADER = YES;
				CLANG_WARN_RANGE_LOOP_ANALYSIS = YES;
				CLANG_WARN_STRICT_PROTOTYPES = YES;
				CLANG_WARN_SUSPICIOUS_MOVE = YES;
				CLANG_WARN_UNGUARDED_AVAILABILITY = YES_AGGRESSIVE;
				CLANG_WARN_UNREACHABLE_CODE = YES;
				CLANG_WARN__DUPLICATE_METHOD_MATCH = YES;
				COPY_PHASE_STRIP = NO;
				DEBUG_INFORMATION_FORMAT = "dwarf-with-dsym";
				ENABLE_NS_ASSERTIONS = NO;
				ENABLE_STRICT_OBJC_MSGSEND = YES;
				ENABLE_USER_SCRIPT_SANDBOXING = YES;
				GCC_C_LANGUAGE_STANDARD = gnu17;
				GCC_NO_COMMON_BLOCKS = YES;
				GCC_WARN_64_TO_32_BIT_CONVERSION = YES;
				GCC_WARN_ABOUT_RETURN_TYPE = YES_ERROR;
				GCC_WARN_UNDECLARED_SELECTOR = YES;
				GCC_WARN_UNINITIALIZED_AUTOS = YES_AGGRESSIVE;
				GCC_WARN_UNUSED_FUNCTION = YES;
				GCC_WARN_UNUSED_VARIABLE = YES;
				IPHONEOS_DEPLOYMENT_TARGET = 17.0;
				LOCALIZATION_PREFERS_STRING_CATALOGS = YES;
				MTL_ENABLE_DEBUG_INFO = NO;
				MTL_FAST_MATH = YES;
				SDKROOT = iphoneos;
				SWIFT_COMPILATION_MODE = wholemodule;
				VALIDATE_PRODUCT = YES;
				q = "";
			};
			name = Release;
		};
		7A7F87A42AEF559E00F14B11 /* Debug */ = {
			isa = XCBuildConfiguration;
			buildSettings = {
				ALWAYS_EMBED_SWIFT_STANDARD_LIBRARIES = YES;
				ASSETCATALOG_COMPILER_APPICON_NAME = AppIcon;
				ASSETCATALOG_COMPILER_GLOBAL_ACCENT_COLOR_NAME = AccentColor;
				CODE_SIGN_STYLE = Automatic;
				CURRENT_PROJECT_VERSION = 1;
				DEVELOPMENT_ASSET_PATHS = "\"Cuckoo/Preview Content\"";
				DEVELOPMENT_TEAM = 4QG3GC35LA;
				ENABLE_PREVIEWS = YES;
				ENABLE_USER_SCRIPT_SANDBOXING = NO;
				GENERATE_INFOPLIST_FILE = YES;
				INFOPLIST_FILE = Cuckoo/Info.plist;
				INFOPLIST_KEY_UIApplicationSceneManifest_Generation = YES;
				INFOPLIST_KEY_UIApplicationSupportsIndirectInputEvents = YES;
				INFOPLIST_KEY_UILaunchScreen_Generation = YES;
				INFOPLIST_KEY_UISupportedInterfaceOrientations_iPad = "UIInterfaceOrientationPortrait UIInterfaceOrientationPortraitUpsideDown UIInterfaceOrientationLandscapeLeft UIInterfaceOrientationLandscapeRight";
				INFOPLIST_KEY_UISupportedInterfaceOrientations_iPhone = "UIInterfaceOrientationPortrait UIInterfaceOrientationLandscapeLeft UIInterfaceOrientationLandscapeRight";
				INFOPLIST_KEY_UIUserInterfaceStyle = Light;
				IPHONEOS_DEPLOYMENT_TARGET = 16.0;
				LD_RUNPATH_SEARCH_PATHS = (
					"$(inherited)",
					"@executable_path/Frameworks",
				);
				MARKETING_VERSION = 1.0;
				PRODUCT_BUNDLE_IDENTIFIER = softwarestudio2.Cuckoo;
				PRODUCT_NAME = "$(TARGET_NAME)";
				SWIFT_EMIT_LOC_STRINGS = YES;
				SWIFT_VERSION = 5.0;
				TARGETED_DEVICE_FAMILY = "1,2";
			};
			name = Debug;
		};
		7A7F87A52AEF559E00F14B11 /* Release */ = {
			isa = XCBuildConfiguration;
			buildSettings = {
				ALWAYS_EMBED_SWIFT_STANDARD_LIBRARIES = YES;
				ASSETCATALOG_COMPILER_APPICON_NAME = AppIcon;
				ASSETCATALOG_COMPILER_GLOBAL_ACCENT_COLOR_NAME = AccentColor;
				CODE_SIGN_STYLE = Automatic;
				CURRENT_PROJECT_VERSION = 1;
				DEVELOPMENT_ASSET_PATHS = "\"Cuckoo/Preview Content\"";
				DEVELOPMENT_TEAM = 4QG3GC35LA;
				ENABLE_PREVIEWS = YES;
				ENABLE_USER_SCRIPT_SANDBOXING = NO;
				GENERATE_INFOPLIST_FILE = YES;
				INFOPLIST_FILE = Cuckoo/Info.plist;
				INFOPLIST_KEY_UIApplicationSceneManifest_Generation = YES;
				INFOPLIST_KEY_UIApplicationSupportsIndirectInputEvents = YES;
				INFOPLIST_KEY_UILaunchScreen_Generation = YES;
				INFOPLIST_KEY_UISupportedInterfaceOrientations_iPad = "UIInterfaceOrientationPortrait UIInterfaceOrientationPortraitUpsideDown UIInterfaceOrientationLandscapeLeft UIInterfaceOrientationLandscapeRight";
				INFOPLIST_KEY_UISupportedInterfaceOrientations_iPhone = "UIInterfaceOrientationPortrait UIInterfaceOrientationLandscapeLeft UIInterfaceOrientationLandscapeRight";
				INFOPLIST_KEY_UIUserInterfaceStyle = Light;
				IPHONEOS_DEPLOYMENT_TARGET = 16.0;
				LD_RUNPATH_SEARCH_PATHS = (
					"$(inherited)",
					"@executable_path/Frameworks",
				);
				MARKETING_VERSION = 1.0;
				PRODUCT_BUNDLE_IDENTIFIER = softwarestudio2.Cuckoo;
				PRODUCT_NAME = "$(TARGET_NAME)";
				SWIFT_EMIT_LOC_STRINGS = YES;
				SWIFT_VERSION = 5.0;
				TARGETED_DEVICE_FAMILY = "1,2";
			};
			name = Release;
		};
		7A7F87A72AEF559E00F14B11 /* Debug */ = {
			isa = XCBuildConfiguration;
			buildSettings = {
				ALWAYS_EMBED_SWIFT_STANDARD_LIBRARIES = YES;
				BUNDLE_LOADER = "$(TEST_HOST)";
				CODE_SIGN_STYLE = Automatic;
				CURRENT_PROJECT_VERSION = 1;
				GENERATE_INFOPLIST_FILE = YES;
				IPHONEOS_DEPLOYMENT_TARGET = 17.0;
				MARKETING_VERSION = 1.0;
				PRODUCT_BUNDLE_IDENTIFIER = softwarestudio2.CuckooTests;
				PRODUCT_NAME = "$(TARGET_NAME)";
				SWIFT_EMIT_LOC_STRINGS = NO;
				SWIFT_VERSION = 5.0;
				TARGETED_DEVICE_FAMILY = "1,2";
				TEST_HOST = "$(BUILT_PRODUCTS_DIR)/Cuckoo.app/$(BUNDLE_EXECUTABLE_FOLDER_PATH)/Cuckoo";
			};
			name = Debug;
		};
		7A7F87A82AEF559E00F14B11 /* Release */ = {
			isa = XCBuildConfiguration;
			buildSettings = {
				ALWAYS_EMBED_SWIFT_STANDARD_LIBRARIES = YES;
				BUNDLE_LOADER = "$(TEST_HOST)";
				CODE_SIGN_STYLE = Automatic;
				CURRENT_PROJECT_VERSION = 1;
				GENERATE_INFOPLIST_FILE = YES;
				IPHONEOS_DEPLOYMENT_TARGET = 17.0;
				MARKETING_VERSION = 1.0;
				PRODUCT_BUNDLE_IDENTIFIER = softwarestudio2.CuckooTests;
				PRODUCT_NAME = "$(TARGET_NAME)";
				SWIFT_EMIT_LOC_STRINGS = NO;
				SWIFT_VERSION = 5.0;
				TARGETED_DEVICE_FAMILY = "1,2";
				TEST_HOST = "$(BUILT_PRODUCTS_DIR)/Cuckoo.app/$(BUNDLE_EXECUTABLE_FOLDER_PATH)/Cuckoo";
			};
			name = Release;
		};
		7A7F87AA2AEF559E00F14B11 /* Debug */ = {
			isa = XCBuildConfiguration;
			buildSettings = {
				ALWAYS_EMBED_SWIFT_STANDARD_LIBRARIES = YES;
				CODE_SIGN_STYLE = Automatic;
				CURRENT_PROJECT_VERSION = 1;
				GENERATE_INFOPLIST_FILE = YES;
				MARKETING_VERSION = 1.0;
				PRODUCT_BUNDLE_IDENTIFIER = softwarestudio2.CuckooUITests;
				PRODUCT_NAME = "$(TARGET_NAME)";
				SWIFT_EMIT_LOC_STRINGS = NO;
				SWIFT_VERSION = 5.0;
				TARGETED_DEVICE_FAMILY = "1,2";
				TEST_TARGET_NAME = Cuckoo;
			};
			name = Debug;
		};
		7A7F87AB2AEF559E00F14B11 /* Release */ = {
			isa = XCBuildConfiguration;
			buildSettings = {
				ALWAYS_EMBED_SWIFT_STANDARD_LIBRARIES = YES;
				CODE_SIGN_STYLE = Automatic;
				CURRENT_PROJECT_VERSION = 1;
				GENERATE_INFOPLIST_FILE = YES;
				MARKETING_VERSION = 1.0;
				PRODUCT_BUNDLE_IDENTIFIER = softwarestudio2.CuckooUITests;
				PRODUCT_NAME = "$(TARGET_NAME)";
				SWIFT_EMIT_LOC_STRINGS = NO;
				SWIFT_VERSION = 5.0;
				TARGETED_DEVICE_FAMILY = "1,2";
				TEST_TARGET_NAME = Cuckoo;
			};
			name = Release;
		};
/* End XCBuildConfiguration section */

/* Begin XCConfigurationList section */
		7A3574F32B2FFBA800FF5DB2 /* Build configuration list for PBXNativeTarget "ShareExtension" */ = {
			isa = XCConfigurationList;
			buildConfigurations = (
				7A3574F42B2FFBA800FF5DB2 /* Debug */,
				7A3574F52B2FFBA800FF5DB2 /* Release */,
			);
			defaultConfigurationIsVisible = 0;
			defaultConfigurationName = Release;
		};
		7A7F877A2AEF559C00F14B11 /* Build configuration list for PBXProject "Cuckoo" */ = {
			isa = XCConfigurationList;
			buildConfigurations = (
				7A7F87A12AEF559E00F14B11 /* Debug */,
				7A7F87A22AEF559E00F14B11 /* Release */,
			);
			defaultConfigurationIsVisible = 0;
			defaultConfigurationName = Release;
		};
		7A7F87A32AEF559E00F14B11 /* Build configuration list for PBXNativeTarget "Cuckoo" */ = {
			isa = XCConfigurationList;
			buildConfigurations = (
				7A7F87A42AEF559E00F14B11 /* Debug */,
				7A7F87A52AEF559E00F14B11 /* Release */,
			);
			defaultConfigurationIsVisible = 0;
			defaultConfigurationName = Release;
		};
		7A7F87A62AEF559E00F14B11 /* Build configuration list for PBXNativeTarget "CuckooTests" */ = {
			isa = XCConfigurationList;
			buildConfigurations = (
				7A7F87A72AEF559E00F14B11 /* Debug */,
				7A7F87A82AEF559E00F14B11 /* Release */,
			);
			defaultConfigurationIsVisible = 0;
			defaultConfigurationName = Release;
		};
		7A7F87A92AEF559E00F14B11 /* Build configuration list for PBXNativeTarget "CuckooUITests" */ = {
			isa = XCConfigurationList;
			buildConfigurations = (
				7A7F87AA2AEF559E00F14B11 /* Debug */,
				7A7F87AB2AEF559E00F14B11 /* Release */,
			);
			defaultConfigurationIsVisible = 0;
			defaultConfigurationName = Release;
		};
/* End XCConfigurationList section */

/* Begin XCRemoteSwiftPackageReference section */
		007BF2592B2FF78E00B121CE /* XCRemoteSwiftPackageReference "SwiftSoup" */ = {
			isa = XCRemoteSwiftPackageReference;
			repositoryURL = "https://github.com/scinfu/SwiftSoup";
			requirement = {
				kind = upToNextMajorVersion;
				minimumVersion = 2.6.1;
			};
		};
/* End XCRemoteSwiftPackageReference section */

/* Begin XCSwiftPackageProductDependency section */
		007BF25A2B2FF78E00B121CE /* SwiftSoup */ = {
			isa = XCSwiftPackageProductDependency;
			package = 007BF2592B2FF78E00B121CE /* XCRemoteSwiftPackageReference "SwiftSoup" */;
			productName = SwiftSoup;
		};
		7A3574F82B2FFBD500FF5DB2 /* SwiftSoup */ = {
			isa = XCSwiftPackageProductDependency;
			package = 007BF2592B2FF78E00B121CE /* XCRemoteSwiftPackageReference "SwiftSoup" */;
			productName = SwiftSoup;
		};
/* End XCSwiftPackageProductDependency section */

/* Begin XCVersionGroup section */
		00CEBC982B2AC6B100A74BBF /* CoreDataContainer.xcdatamodeld */ = {
			isa = XCVersionGroup;
			children = (
				00CEBC992B2AC6B100A74BBF /* CoreDataContainer.xcdatamodel */,
			);
			currentVersion = 00CEBC992B2AC6B100A74BBF /* CoreDataContainer.xcdatamodel */;
			path = CoreDataContainer.xcdatamodeld;
			sourceTree = "<group>";
			versionGroupType = wrapper.xcdatamodel;
		};
/* End XCVersionGroup section */
	};
	rootObject = 7A7F87772AEF559C00F14B11 /* Project object */;
}
